// !$*UTF8*$!
{
	archiveVersion = 1;
	classes = {
	};
	objectVersion = 46;
	objects = {

/* Begin PBXBuildFile section */
		5205AD6D1EDBB59500DEACE8 /* NetworkTests.m in Sources */ = {isa = PBXBuildFile; fileRef = 5205AD6C1EDBB59500DEACE8 /* NetworkTests.m */; };
		520964441EDBBB41001F2A05 /* ECVideoType.m in Sources */ = {isa = PBXBuildFile; fileRef = 520964431EDBBB41001F2A05 /* ECVideoType.m */; };
		520964471EDBBB5A001F2A05 /* ECReturningVideoType.m in Sources */ = {isa = PBXBuildFile; fileRef = 520964461EDBBB5A001F2A05 /* ECReturningVideoType.m */; };
		5209644B1EDBC436001F2A05 /* ECReturningVideo.m in Sources */ = {isa = PBXBuildFile; fileRef = 5209644A1EDBC436001F2A05 /* ECReturningVideo.m */; };
		520A4E381EDDA53400FFA5CA /* CacheAPITests.m in Sources */ = {isa = PBXBuildFile; fileRef = 520A4E371EDDA53400FFA5CA /* CacheAPITests.m */; };
		5214C08A1EDBC55F00D09A06 /* ECVideo.m in Sources */ = {isa = PBXBuildFile; fileRef = 5214C0891EDBC55F00D09A06 /* ECVideo.m */; };
		5233909E1ED067B600C46419 /* ECMainViewController.m in Sources */ = {isa = PBXBuildFile; fileRef = 5233909D1ED067B600C46419 /* ECMainViewController.m */; };
		523EA4981EDD6EE900E02A95 /* ECCacheAPIHelper.m in Sources */ = {isa = PBXBuildFile; fileRef = 523EA4971EDD6EE900E02A95 /* ECCacheAPIHelper.m */; };
		525167431ED17BC500FA943C /* ECConstant.m in Sources */ = {isa = PBXBuildFile; fileRef = 525167421ED17BC500FA943C /* ECConstant.m */; };
		526A56821EE7002400FCD30D /* ECVideoTableViewController.m in Sources */ = {isa = PBXBuildFile; fileRef = 526A56811EE7002400FCD30D /* ECVideoTableViewController.m */; };
		526F34F81EF0566C004AB51B /* ECPlayerViewModel.m in Sources */ = {isa = PBXBuildFile; fileRef = 526F34F71EF0566C004AB51B /* ECPlayerViewModel.m */; };
		5274F3C51EF57AEA00E4B06D /* ECReturningWatchedVideo.m in Sources */ = {isa = PBXBuildFile; fileRef = 5274F3C41EF57AEA00E4B06D /* ECReturningWatchedVideo.m */; };
		5281986D1EDBB1C8009D15FA /* ECAPIManager.m in Sources */ = {isa = PBXBuildFile; fileRef = 5281986C1EDBB1C8009D15FA /* ECAPIManager.m */; };
		5289E06D1EEBE0FF0012D05E /* ECVideoIntroductTableViewCell.m in Sources */ = {isa = PBXBuildFile; fileRef = 5289E06C1EEBE0FF0012D05E /* ECVideoIntroductTableViewCell.m */; };
		5289E0711EEBE6B40012D05E /* ECVideoGuessingLabelTableViewCell.m in Sources */ = {isa = PBXBuildFile; fileRef = 5289E0701EEBE6B40012D05E /* ECVideoGuessingLabelTableViewCell.m */; };
		5289E0751EEBE8240012D05E /* ECVideoGuessingContentTableViewCell.m in Sources */ = {isa = PBXBuildFile; fileRef = 5289E0741EEBE8240012D05E /* ECVideoGuessingContentTableViewCell.m */; };
		5289E0791EEBF3890012D05E /* ECVideoResourceTypeCollectionViewCell.m in Sources */ = {isa = PBXBuildFile; fileRef = 5289E0781EEBF3890012D05E /* ECVideoResourceTypeCollectionViewCell.m */; };
		529332DB1EF3F5DF00AB2EB4 /* ECNavigationViewController.m in Sources */ = {isa = PBXBuildFile; fileRef = 529332DA1EF3F5DF00AB2EB4 /* ECNavigationViewController.m */; };
		52B9E0351EE853FA003E5CFF /* ECVideoPlayerTableViewCell.m in Sources */ = {isa = PBXBuildFile; fileRef = 52B9E0341EE853FA003E5CFF /* ECVideoPlayerTableViewCell.m */; };
		52C90F7A1ED077A7009793DC /* ECFullScreenPlayerController.m in Sources */ = {isa = PBXBuildFile; fileRef = 52C90F791ED077A7009793DC /* ECFullScreenPlayerController.m */; };
		52DE8C991EDC10AA00072C91 /* APKeychainItemWrapper.m in Sources */ = {isa = PBXBuildFile; fileRef = 52DE8C981EDC10AA00072C91 /* APKeychainItemWrapper.m */; settings = {COMPILER_FLAGS = "-fno-objc-arc"; }; };
		52DE8C9E1EDC12CC00072C91 /* ECUtil.m in Sources */ = {isa = PBXBuildFile; fileRef = 52DE8C9D1EDC12CC00072C91 /* ECUtil.m */; };
		52DE8CA51EDC19F000072C91 /* ECVideoHistory.m in Sources */ = {isa = PBXBuildFile; fileRef = 52DE8CA41EDC19F000072C91 /* ECVideoHistory.m */; };
		52DE8CA91EDC1A1E00072C91 /* ECReturningVideoHistory.m in Sources */ = {isa = PBXBuildFile; fileRef = 52DE8CA81EDC1A1E00072C91 /* ECReturningVideoHistory.m */; };
		52E227F11EDCF8660019E958 /* ECCacheManager.m in Sources */ = {isa = PBXBuildFile; fileRef = 52E227F01EDCF8660019E958 /* ECCacheManager.m */; };
		52E227F41EDD01B30019E958 /* CacheTests.m in Sources */ = {isa = PBXBuildFile; fileRef = 52E227F31EDD01B30019E958 /* CacheTests.m */; };
		52EEB3611ED05AFD00CBDDBB /* main.m in Sources */ = {isa = PBXBuildFile; fileRef = 52EEB3601ED05AFD00CBDDBB /* main.m */; };
		52EEB3641ED05AFD00CBDDBB /* AppDelegate.m in Sources */ = {isa = PBXBuildFile; fileRef = 52EEB3631ED05AFD00CBDDBB /* AppDelegate.m */; };
		52EEB36A1ED05AFD00CBDDBB /* Main.storyboard in Resources */ = {isa = PBXBuildFile; fileRef = 52EEB3681ED05AFD00CBDDBB /* Main.storyboard */; };
		52EEB36C1ED05AFD00CBDDBB /* Assets.xcassets in Resources */ = {isa = PBXBuildFile; fileRef = 52EEB36B1ED05AFD00CBDDBB /* Assets.xcassets */; };
		52EEB36F1ED05AFD00CBDDBB /* LaunchScreen.storyboard in Resources */ = {isa = PBXBuildFile; fileRef = 52EEB36D1ED05AFD00CBDDBB /* LaunchScreen.storyboard */; };
		52EEB37A1ED05AFD00CBDDBB /* BeaconTests.m in Sources */ = {isa = PBXBuildFile; fileRef = 52EEB3791ED05AFD00CBDDBB /* BeaconTests.m */; };
		52EEB3951ED05B9B00CBDDBB /* libav.a in Frameworks */ = {isa = PBXBuildFile; fileRef = 52EEB3941ED05B9B00CBDDBB /* libav.a */; };
		52EEB3981ED05BC900CBDDBB /* CoreTelephony.framework in Frameworks */ = {isa = PBXBuildFile; fileRef = 52EEB3971ED05BC900CBDDBB /* CoreTelephony.framework */; };
		52EEB39A1ED05BD000CBDDBB /* CoreMotion.framework in Frameworks */ = {isa = PBXBuildFile; fileRef = 52EEB3991ED05BD000CBDDBB /* CoreMotion.framework */; };
		52EEB39C1ED05BD900CBDDBB /* CoreLocation.framework in Frameworks */ = {isa = PBXBuildFile; fileRef = 52EEB39B1ED05BD900CBDDBB /* CoreLocation.framework */; };
		52EEB39E1ED05BE200CBDDBB /* SystemConfiguration.framework in Frameworks */ = {isa = PBXBuildFile; fileRef = 52EEB39D1ED05BE200CBDDBB /* SystemConfiguration.framework */; };
		52EEB3A01ED05BE900CBDDBB /* MobileCoreServices.framework in Frameworks */ = {isa = PBXBuildFile; fileRef = 52EEB39F1ED05BE900CBDDBB /* MobileCoreServices.framework */; };
		52EEB3A21ED05BF100CBDDBB /* AudioToolbox.framework in Frameworks */ = {isa = PBXBuildFile; fileRef = 52EEB3A11ED05BF100CBDDBB /* AudioToolbox.framework */; };
		52EEB3A41ED05BF700CBDDBB /* MediaPlayer.framework in Frameworks */ = {isa = PBXBuildFile; fileRef = 52EEB3A31ED05BF700CBDDBB /* MediaPlayer.framework */; };
		52EEB3A61ED05C0000CBDDBB /* ImageIO.framework in Frameworks */ = {isa = PBXBuildFile; fileRef = 52EEB3A51ED05C0000CBDDBB /* ImageIO.framework */; };
		52EEB3A81ED05C0800CBDDBB /* Security.framework in Frameworks */ = {isa = PBXBuildFile; fileRef = 52EEB3A71ED05C0800CBDDBB /* Security.framework */; };
		52EEB3AA1ED05C0E00CBDDBB /* AdSupport.framework in Frameworks */ = {isa = PBXBuildFile; fileRef = 52EEB3A91ED05C0E00CBDDBB /* AdSupport.framework */; };
		52EEB3AC1ED05C1600CBDDBB /* MessageUI.framework in Frameworks */ = {isa = PBXBuildFile; fileRef = 52EEB3AB1ED05C1600CBDDBB /* MessageUI.framework */; };
		52EEB3AE1ED05C1F00CBDDBB /* AssetsLibrary.framework in Frameworks */ = {isa = PBXBuildFile; fileRef = 52EEB3AD1ED05C1F00CBDDBB /* AssetsLibrary.framework */; };
		52EEB3B01ED05C2700CBDDBB /* OpenAL.framework in Frameworks */ = {isa = PBXBuildFile; fileRef = 52EEB3AF1ED05C2700CBDDBB /* OpenAL.framework */; };
		52EEB3B21ED05C2E00CBDDBB /* AVKit.framework in Frameworks */ = {isa = PBXBuildFile; fileRef = 52EEB3B11ED05C2E00CBDDBB /* AVKit.framework */; };
		52EEB3B41ED05C3600CBDDBB /* CoreImage.framework in Frameworks */ = {isa = PBXBuildFile; fileRef = 52EEB3B31ED05C3600CBDDBB /* CoreImage.framework */; };
		52EEB3B61ED05C3D00CBDDBB /* Accelerate.framework in Frameworks */ = {isa = PBXBuildFile; fileRef = 52EEB3B51ED05C3D00CBDDBB /* Accelerate.framework */; };
		52EEB3B81ED05C4400CBDDBB /* JavaScriptCore.framework in Frameworks */ = {isa = PBXBuildFile; fileRef = 52EEB3B71ED05C4400CBDDBB /* JavaScriptCore.framework */; };
		52EEB3BA1ED05C4C00CBDDBB /* GLKit.framework in Frameworks */ = {isa = PBXBuildFile; fileRef = 52EEB3B91ED05C4C00CBDDBB /* GLKit.framework */; };
		52EEB3BC1ED05C5600CBDDBB /* EventKit.framework in Frameworks */ = {isa = PBXBuildFile; fileRef = 52EEB3BB1ED05C5600CBDDBB /* EventKit.framework */; };
		52EEB3BE1ED05C5D00CBDDBB /* CoreData.framework in Frameworks */ = {isa = PBXBuildFile; fileRef = 52EEB3BD1ED05C5D00CBDDBB /* CoreData.framework */; };
		52EEB3C01ED05C6400CBDDBB /* VideoToolbox.framework in Frameworks */ = {isa = PBXBuildFile; fileRef = 52EEB3BF1ED05C6400CBDDBB /* VideoToolbox.framework */; };
		52EEB3C21ED05C6A00CBDDBB /* NotificationCenter.framework in Frameworks */ = {isa = PBXBuildFile; fileRef = 52EEB3C11ED05C6A00CBDDBB /* NotificationCenter.framework */; };
		52EEB3C41ED05C7300CBDDBB /* CoreGraphics.framework in Frameworks */ = {isa = PBXBuildFile; fileRef = 52EEB3C31ED05C7300CBDDBB /* CoreGraphics.framework */; };
		52EEB3C61ED05C7B00CBDDBB /* AVFoundation.framework in Frameworks */ = {isa = PBXBuildFile; fileRef = 52EEB3C51ED05C7B00CBDDBB /* AVFoundation.framework */; };
		52EEB3C81ED05C8400CBDDBB /* Foundation.framework in Frameworks */ = {isa = PBXBuildFile; fileRef = 52EEB3C71ED05C8400CBDDBB /* Foundation.framework */; };
		52EEB3CA1ED05C8A00CBDDBB /* UIKit.framework in Frameworks */ = {isa = PBXBuildFile; fileRef = 52EEB3C91ED05C8A00CBDDBB /* UIKit.framework */; };
		52EEB3CC1ED05C9100CBDDBB /* QuartzCore.framework in Frameworks */ = {isa = PBXBuildFile; fileRef = 52EEB3CB1ED05C9100CBDDBB /* QuartzCore.framework */; };
		52EEB3CE1ED05C9700CBDDBB /* CFNetwork.framework in Frameworks */ = {isa = PBXBuildFile; fileRef = 52EEB3CD1ED05C9700CBDDBB /* CFNetwork.framework */; };
		52EEB3D01ED05C9D00CBDDBB /* CoreMedia.framework in Frameworks */ = {isa = PBXBuildFile; fileRef = 52EEB3CF1ED05C9D00CBDDBB /* CoreMedia.framework */; };
		52EEB3D21ED05CA600CBDDBB /* libxml2.tbd in Frameworks */ = {isa = PBXBuildFile; fileRef = 52EEB3D11ED05CA600CBDDBB /* libxml2.tbd */; };
		52EEB3D41ED05CB200CBDDBB /* libsqlite3.tbd in Frameworks */ = {isa = PBXBuildFile; fileRef = 52EEB3D31ED05CB200CBDDBB /* libsqlite3.tbd */; };
		52EEB3D61ED05CC500CBDDBB /* libz.1.tbd in Frameworks */ = {isa = PBXBuildFile; fileRef = 52EEB3D51ED05CC500CBDDBB /* libz.1.tbd */; };
		52EEB3D81ED05CD300CBDDBB /* libstdc++.tbd in Frameworks */ = {isa = PBXBuildFile; fileRef = 52EEB3D71ED05CD300CBDDBB /* libstdc++.tbd */; };
		52EEB3DA1ED05CE200CBDDBB /* libc++.tbd in Frameworks */ = {isa = PBXBuildFile; fileRef = 52EEB3D91ED05CE200CBDDBB /* libc++.tbd */; };
		52EEB3DC1ED05CEA00CBDDBB /* libiconv.tbd in Frameworks */ = {isa = PBXBuildFile; fileRef = 52EEB3DB1ED05CEA00CBDDBB /* libiconv.tbd */; };
		609E5B03E48D5A193E9BE625 /* libPods-Beacon.a in Frameworks */ = {isa = PBXBuildFile; fileRef = 434DCE203FA20976CCC23D69 /* libPods-Beacon.a */; };
		D5139B5D1EDBBE0900B6FB2C /* CCDraggableCardView.m in Sources */ = {isa = PBXBuildFile; fileRef = D5139B591EDBBE0900B6FB2C /* CCDraggableCardView.m */; };
		D5139B5E1EDBBE0900B6FB2C /* CCDraggableContainer.m in Sources */ = {isa = PBXBuildFile; fileRef = D5139B5C1EDBBE0900B6FB2C /* CCDraggableContainer.m */; };
		D5139B641EDBC43700B6FB2C /* ECCardView.m in Sources */ = {isa = PBXBuildFile; fileRef = D5139B631EDBC43700B6FB2C /* ECCardView.m */; };
		D54DF6AB1EF4C4B600B84A4F /* UITableView+EmptyData.m in Sources */ = {isa = PBXBuildFile; fileRef = D54DF6AA1EF4C4B600B84A4F /* UITableView+EmptyData.m */; };
		D55AAA581EEDFFEC0095D5CE /* IQActivityIndicatorView.m in Sources */ = {isa = PBXBuildFile; fileRef = D55AAA571EEDFFEC0095D5CE /* IQActivityIndicatorView.m */; };
		D5A8F8371EE8DABE00B73670 /* ECMenuViewController.m in Sources */ = {isa = PBXBuildFile; fileRef = D5A8F8361EE8DABE00B73670 /* ECMenuViewController.m */; };
		D5A8F83B1EE9020900B73670 /* UIView+LSCore.m in Sources */ = {isa = PBXBuildFile; fileRef = D5A8F83A1EE9020900B73670 /* UIView+LSCore.m */; };
		D5A8F8411EE96BC200B73670 /* ECMenuItemTableViewCell.m in Sources */ = {isa = PBXBuildFile; fileRef = D5A8F83F1EE96BC200B73670 /* ECMenuItemTableViewCell.m */; };
		D5A8F8421EE96BC200B73670 /* ECMenuItemTableViewCell.xib in Resources */ = {isa = PBXBuildFile; fileRef = D5A8F8401EE96BC200B73670 /* ECMenuItemTableViewCell.xib */; };
		D5A8F8441EE9B31700B73670 /* Reveal.framework in Frameworks */ = {isa = PBXBuildFile; fileRef = D5A8F8431EE9B31700B73670 /* Reveal.framework */; };
		DF6667C7B0C8BE6B64CCC04A /* libPods-Beacon-BeaconTests.a in Frameworks */ = {isa = PBXBuildFile; fileRef = 0115FB84FD6C93526CC5EB60 /* libPods-Beacon-BeaconTests.a */; };
/* End PBXBuildFile section */

/* Begin PBXContainerItemProxy section */
		52EEB3761ED05AFD00CBDDBB /* PBXContainerItemProxy */ = {
			isa = PBXContainerItemProxy;
			containerPortal = 52EEB3541ED05AFD00CBDDBB /* Project object */;
			proxyType = 1;
			remoteGlobalIDString = 52EEB35B1ED05AFD00CBDDBB;
			remoteInfo = Beacon;
		};
/* End PBXContainerItemProxy section */

/* Begin PBXFileReference section */
		0115FB84FD6C93526CC5EB60 /* libPods-Beacon-BeaconTests.a */ = {isa = PBXFileReference; explicitFileType = archive.ar; includeInIndex = 0; path = "libPods-Beacon-BeaconTests.a"; sourceTree = BUILT_PRODUCTS_DIR; };
		1E28E14527E6DEE6FE0E3880 /* Pods-Beacon-BeaconTests.debug.xcconfig */ = {isa = PBXFileReference; includeInIndex = 1; lastKnownFileType = text.xcconfig; name = "Pods-Beacon-BeaconTests.debug.xcconfig"; path = "Pods/Target Support Files/Pods-Beacon-BeaconTests/Pods-Beacon-BeaconTests.debug.xcconfig"; sourceTree = "<group>"; };
		434DCE203FA20976CCC23D69 /* libPods-Beacon.a */ = {isa = PBXFileReference; explicitFileType = archive.ar; includeInIndex = 0; path = "libPods-Beacon.a"; sourceTree = BUILT_PRODUCTS_DIR; };
		5205AD6C1EDBB59500DEACE8 /* NetworkTests.m */ = {isa = PBXFileReference; fileEncoding = 4; lastKnownFileType = sourcecode.c.objc; path = NetworkTests.m; sourceTree = "<group>"; };
		520964421EDBBB41001F2A05 /* ECVideoType.h */ = {isa = PBXFileReference; fileEncoding = 4; lastKnownFileType = sourcecode.c.h; path = ECVideoType.h; sourceTree = "<group>"; };
		520964431EDBBB41001F2A05 /* ECVideoType.m */ = {isa = PBXFileReference; fileEncoding = 4; lastKnownFileType = sourcecode.c.objc; path = ECVideoType.m; sourceTree = "<group>"; };
		520964451EDBBB5A001F2A05 /* ECReturningVideoType.h */ = {isa = PBXFileReference; fileEncoding = 4; lastKnownFileType = sourcecode.c.h; path = ECReturningVideoType.h; sourceTree = "<group>"; };
		520964461EDBBB5A001F2A05 /* ECReturningVideoType.m */ = {isa = PBXFileReference; fileEncoding = 4; lastKnownFileType = sourcecode.c.objc; path = ECReturningVideoType.m; sourceTree = "<group>"; };
		520964491EDBC436001F2A05 /* ECReturningVideo.h */ = {isa = PBXFileReference; fileEncoding = 4; lastKnownFileType = sourcecode.c.h; path = ECReturningVideo.h; sourceTree = "<group>"; };
		5209644A1EDBC436001F2A05 /* ECReturningVideo.m */ = {isa = PBXFileReference; fileEncoding = 4; lastKnownFileType = sourcecode.c.objc; path = ECReturningVideo.m; sourceTree = "<group>"; };
		520A4E371EDDA53400FFA5CA /* CacheAPITests.m */ = {isa = PBXFileReference; fileEncoding = 4; lastKnownFileType = sourcecode.c.objc; path = CacheAPITests.m; sourceTree = "<group>"; };
		5214C0881EDBC55F00D09A06 /* ECVideo.h */ = {isa = PBXFileReference; fileEncoding = 4; lastKnownFileType = sourcecode.c.h; path = ECVideo.h; sourceTree = "<group>"; };
		5214C0891EDBC55F00D09A06 /* ECVideo.m */ = {isa = PBXFileReference; fileEncoding = 4; lastKnownFileType = sourcecode.c.objc; path = ECVideo.m; sourceTree = "<group>"; };
		5233909C1ED067B600C46419 /* ECMainViewController.h */ = {isa = PBXFileReference; fileEncoding = 4; lastKnownFileType = sourcecode.c.h; path = ECMainViewController.h; sourceTree = "<group>"; };
		5233909D1ED067B600C46419 /* ECMainViewController.m */ = {isa = PBXFileReference; fileEncoding = 4; lastKnownFileType = sourcecode.c.objc; path = ECMainViewController.m; sourceTree = "<group>"; };
		523EA4961EDD6EE900E02A95 /* ECCacheAPIHelper.h */ = {isa = PBXFileReference; fileEncoding = 4; lastKnownFileType = sourcecode.c.h; path = ECCacheAPIHelper.h; sourceTree = "<group>"; };
		523EA4971EDD6EE900E02A95 /* ECCacheAPIHelper.m */ = {isa = PBXFileReference; fileEncoding = 4; lastKnownFileType = sourcecode.c.objc; path = ECCacheAPIHelper.m; sourceTree = "<group>"; };
		525167411ED17BC500FA943C /* ECConstant.h */ = {isa = PBXFileReference; fileEncoding = 4; lastKnownFileType = sourcecode.c.h; path = ECConstant.h; sourceTree = "<group>"; };
		525167421ED17BC500FA943C /* ECConstant.m */ = {isa = PBXFileReference; fileEncoding = 4; lastKnownFileType = sourcecode.c.objc; path = ECConstant.m; sourceTree = "<group>"; };
		526A56801EE7002400FCD30D /* ECVideoTableViewController.h */ = {isa = PBXFileReference; fileEncoding = 4; lastKnownFileType = sourcecode.c.h; path = ECVideoTableViewController.h; sourceTree = "<group>"; };
		526A56811EE7002400FCD30D /* ECVideoTableViewController.m */ = {isa = PBXFileReference; fileEncoding = 4; lastKnownFileType = sourcecode.c.objc; path = ECVideoTableViewController.m; sourceTree = "<group>"; };
		526F34F61EF0566C004AB51B /* ECPlayerViewModel.h */ = {isa = PBXFileReference; fileEncoding = 4; lastKnownFileType = sourcecode.c.h; path = ECPlayerViewModel.h; sourceTree = "<group>"; };
		526F34F71EF0566C004AB51B /* ECPlayerViewModel.m */ = {isa = PBXFileReference; fileEncoding = 4; lastKnownFileType = sourcecode.c.objc; path = ECPlayerViewModel.m; sourceTree = "<group>"; };
		5274F3C31EF57AEA00E4B06D /* ECReturningWatchedVideo.h */ = {isa = PBXFileReference; fileEncoding = 4; lastKnownFileType = sourcecode.c.h; path = ECReturningWatchedVideo.h; sourceTree = "<group>"; };
		5274F3C41EF57AEA00E4B06D /* ECReturningWatchedVideo.m */ = {isa = PBXFileReference; fileEncoding = 4; lastKnownFileType = sourcecode.c.objc; path = ECReturningWatchedVideo.m; sourceTree = "<group>"; };
		5281986B1EDBB1C8009D15FA /* ECAPIManager.h */ = {isa = PBXFileReference; fileEncoding = 4; lastKnownFileType = sourcecode.c.h; path = ECAPIManager.h; sourceTree = "<group>"; };
		5281986C1EDBB1C8009D15FA /* ECAPIManager.m */ = {isa = PBXFileReference; fileEncoding = 4; lastKnownFileType = sourcecode.c.objc; path = ECAPIManager.m; sourceTree = "<group>"; };
		5289E06B1EEBE0FF0012D05E /* ECVideoIntroductTableViewCell.h */ = {isa = PBXFileReference; fileEncoding = 4; lastKnownFileType = sourcecode.c.h; path = ECVideoIntroductTableViewCell.h; sourceTree = "<group>"; };
		5289E06C1EEBE0FF0012D05E /* ECVideoIntroductTableViewCell.m */ = {isa = PBXFileReference; fileEncoding = 4; lastKnownFileType = sourcecode.c.objc; path = ECVideoIntroductTableViewCell.m; sourceTree = "<group>"; };
		5289E06F1EEBE6B40012D05E /* ECVideoGuessingLabelTableViewCell.h */ = {isa = PBXFileReference; fileEncoding = 4; lastKnownFileType = sourcecode.c.h; path = ECVideoGuessingLabelTableViewCell.h; sourceTree = "<group>"; };
		5289E0701EEBE6B40012D05E /* ECVideoGuessingLabelTableViewCell.m */ = {isa = PBXFileReference; fileEncoding = 4; lastKnownFileType = sourcecode.c.objc; path = ECVideoGuessingLabelTableViewCell.m; sourceTree = "<group>"; };
		5289E0731EEBE8240012D05E /* ECVideoGuessingContentTableViewCell.h */ = {isa = PBXFileReference; fileEncoding = 4; lastKnownFileType = sourcecode.c.h; path = ECVideoGuessingContentTableViewCell.h; sourceTree = "<group>"; };
		5289E0741EEBE8240012D05E /* ECVideoGuessingContentTableViewCell.m */ = {isa = PBXFileReference; fileEncoding = 4; lastKnownFileType = sourcecode.c.objc; path = ECVideoGuessingContentTableViewCell.m; sourceTree = "<group>"; };
		5289E0771EEBF3890012D05E /* ECVideoResourceTypeCollectionViewCell.h */ = {isa = PBXFileReference; fileEncoding = 4; lastKnownFileType = sourcecode.c.h; path = ECVideoResourceTypeCollectionViewCell.h; sourceTree = "<group>"; };
		5289E0781EEBF3890012D05E /* ECVideoResourceTypeCollectionViewCell.m */ = {isa = PBXFileReference; fileEncoding = 4; lastKnownFileType = sourcecode.c.objc; path = ECVideoResourceTypeCollectionViewCell.m; sourceTree = "<group>"; };
		529332D91EF3F5DF00AB2EB4 /* ECNavigationViewController.h */ = {isa = PBXFileReference; fileEncoding = 4; lastKnownFileType = sourcecode.c.h; path = ECNavigationViewController.h; sourceTree = "<group>"; };
		529332DA1EF3F5DF00AB2EB4 /* ECNavigationViewController.m */ = {isa = PBXFileReference; fileEncoding = 4; lastKnownFileType = sourcecode.c.objc; path = ECNavigationViewController.m; sourceTree = "<group>"; };
		52B9E0331EE853FA003E5CFF /* ECVideoPlayerTableViewCell.h */ = {isa = PBXFileReference; fileEncoding = 4; lastKnownFileType = sourcecode.c.h; path = ECVideoPlayerTableViewCell.h; sourceTree = "<group>"; };
		52B9E0341EE853FA003E5CFF /* ECVideoPlayerTableViewCell.m */ = {isa = PBXFileReference; fileEncoding = 4; lastKnownFileType = sourcecode.c.objc; path = ECVideoPlayerTableViewCell.m; sourceTree = "<group>"; };
		52C90F781ED077A7009793DC /* ECFullScreenPlayerController.h */ = {isa = PBXFileReference; fileEncoding = 4; lastKnownFileType = sourcecode.c.h; path = ECFullScreenPlayerController.h; sourceTree = "<group>"; };
		52C90F791ED077A7009793DC /* ECFullScreenPlayerController.m */ = {isa = PBXFileReference; fileEncoding = 4; lastKnownFileType = sourcecode.c.objc; path = ECFullScreenPlayerController.m; sourceTree = "<group>"; };
		52DE8C971EDC10AA00072C91 /* APKeychainItemWrapper.h */ = {isa = PBXFileReference; fileEncoding = 4; lastKnownFileType = sourcecode.c.h; path = APKeychainItemWrapper.h; sourceTree = "<group>"; };
		52DE8C981EDC10AA00072C91 /* APKeychainItemWrapper.m */ = {isa = PBXFileReference; fileEncoding = 4; lastKnownFileType = sourcecode.c.objc; path = APKeychainItemWrapper.m; sourceTree = "<group>"; };
		52DE8C9C1EDC12CC00072C91 /* ECUtil.h */ = {isa = PBXFileReference; fileEncoding = 4; lastKnownFileType = sourcecode.c.h; path = ECUtil.h; sourceTree = "<group>"; };
		52DE8C9D1EDC12CC00072C91 /* ECUtil.m */ = {isa = PBXFileReference; fileEncoding = 4; lastKnownFileType = sourcecode.c.objc; path = ECUtil.m; sourceTree = "<group>"; };
		52DE8CA31EDC19F000072C91 /* ECVideoHistory.h */ = {isa = PBXFileReference; fileEncoding = 4; lastKnownFileType = sourcecode.c.h; path = ECVideoHistory.h; sourceTree = "<group>"; };
		52DE8CA41EDC19F000072C91 /* ECVideoHistory.m */ = {isa = PBXFileReference; fileEncoding = 4; lastKnownFileType = sourcecode.c.objc; path = ECVideoHistory.m; sourceTree = "<group>"; };
		52DE8CA71EDC1A1E00072C91 /* ECReturningVideoHistory.h */ = {isa = PBXFileReference; fileEncoding = 4; lastKnownFileType = sourcecode.c.h; path = ECReturningVideoHistory.h; sourceTree = "<group>"; };
		52DE8CA81EDC1A1E00072C91 /* ECReturningVideoHistory.m */ = {isa = PBXFileReference; fileEncoding = 4; lastKnownFileType = sourcecode.c.objc; path = ECReturningVideoHistory.m; sourceTree = "<group>"; };
		52E0C88D1ED065C0007D08D9 /* ECBeacon-Prefix.pch */ = {isa = PBXFileReference; fileEncoding = 4; lastKnownFileType = sourcecode.c.h; path = "ECBeacon-Prefix.pch"; sourceTree = "<group>"; };
		52E227EF1EDCF8660019E958 /* ECCacheManager.h */ = {isa = PBXFileReference; fileEncoding = 4; lastKnownFileType = sourcecode.c.h; path = ECCacheManager.h; sourceTree = "<group>"; };
		52E227F01EDCF8660019E958 /* ECCacheManager.m */ = {isa = PBXFileReference; fileEncoding = 4; lastKnownFileType = sourcecode.c.objc; path = ECCacheManager.m; sourceTree = "<group>"; };
		52E227F31EDD01B30019E958 /* CacheTests.m */ = {isa = PBXFileReference; fileEncoding = 4; lastKnownFileType = sourcecode.c.objc; path = CacheTests.m; sourceTree = "<group>"; };
		52EEB35C1ED05AFD00CBDDBB /* Beacon.app */ = {isa = PBXFileReference; explicitFileType = wrapper.application; includeInIndex = 0; path = Beacon.app; sourceTree = BUILT_PRODUCTS_DIR; };
		52EEB3601ED05AFD00CBDDBB /* main.m */ = {isa = PBXFileReference; lastKnownFileType = sourcecode.c.objc; path = main.m; sourceTree = "<group>"; };
		52EEB3621ED05AFD00CBDDBB /* AppDelegate.h */ = {isa = PBXFileReference; lastKnownFileType = sourcecode.c.h; name = AppDelegate.h; path = ../AppDelegate.h; sourceTree = "<group>"; };
		52EEB3631ED05AFD00CBDDBB /* AppDelegate.m */ = {isa = PBXFileReference; lastKnownFileType = sourcecode.c.objc; name = AppDelegate.m; path = ../AppDelegate.m; sourceTree = "<group>"; };
		52EEB3691ED05AFD00CBDDBB /* Base */ = {isa = PBXFileReference; lastKnownFileType = file.storyboard; name = Base; path = Base.lproj/Main.storyboard; sourceTree = "<group>"; };
		52EEB36B1ED05AFD00CBDDBB /* Assets.xcassets */ = {isa = PBXFileReference; lastKnownFileType = folder.assetcatalog; path = Assets.xcassets; sourceTree = "<group>"; };
		52EEB36E1ED05AFD00CBDDBB /* Base */ = {isa = PBXFileReference; lastKnownFileType = file.storyboard; name = Base; path = Base.lproj/LaunchScreen.storyboard; sourceTree = "<group>"; };
		52EEB3701ED05AFD00CBDDBB /* Info.plist */ = {isa = PBXFileReference; lastKnownFileType = text.plist.xml; path = Info.plist; sourceTree = "<group>"; };
		52EEB3751ED05AFD00CBDDBB /* BeaconTests.xctest */ = {isa = PBXFileReference; explicitFileType = wrapper.cfbundle; includeInIndex = 0; path = BeaconTests.xctest; sourceTree = BUILT_PRODUCTS_DIR; };
		52EEB3791ED05AFD00CBDDBB /* BeaconTests.m */ = {isa = PBXFileReference; lastKnownFileType = sourcecode.c.objc; path = BeaconTests.m; sourceTree = "<group>"; };
		52EEB37B1ED05AFD00CBDDBB /* Info.plist */ = {isa = PBXFileReference; lastKnownFileType = text.plist.xml; path = Info.plist; sourceTree = "<group>"; };
		52EEB3871ED05B9B00CBDDBB /* ASIAuthenticationDialog.h */ = {isa = PBXFileReference; fileEncoding = 4; lastKnownFileType = sourcecode.c.h; path = ASIAuthenticationDialog.h; sourceTree = "<group>"; };
		52EEB3881ED05B9B00CBDDBB /* ASICacheDelegate.h */ = {isa = PBXFileReference; fileEncoding = 4; lastKnownFileType = sourcecode.c.h; path = ASICacheDelegate.h; sourceTree = "<group>"; };
		52EEB3891ED05B9B00CBDDBB /* ASIDataCompressor.h */ = {isa = PBXFileReference; fileEncoding = 4; lastKnownFileType = sourcecode.c.h; path = ASIDataCompressor.h; sourceTree = "<group>"; };
		52EEB38A1ED05B9B00CBDDBB /* ASIDataDecompressor.h */ = {isa = PBXFileReference; fileEncoding = 4; lastKnownFileType = sourcecode.c.h; path = ASIDataDecompressor.h; sourceTree = "<group>"; };
		52EEB38B1ED05B9B00CBDDBB /* ASIDownloadCache.h */ = {isa = PBXFileReference; fileEncoding = 4; lastKnownFileType = sourcecode.c.h; path = ASIDownloadCache.h; sourceTree = "<group>"; };
		52EEB38C1ED05B9B00CBDDBB /* ASIFormDataRequest.h */ = {isa = PBXFileReference; fileEncoding = 4; lastKnownFileType = sourcecode.c.h; path = ASIFormDataRequest.h; sourceTree = "<group>"; };
		52EEB38D1ED05B9B00CBDDBB /* ASIHTTPRequest.h */ = {isa = PBXFileReference; fileEncoding = 4; lastKnownFileType = sourcecode.c.h; path = ASIHTTPRequest.h; sourceTree = "<group>"; };
		52EEB38E1ED05B9B00CBDDBB /* ASIHTTPRequestConfig.h */ = {isa = PBXFileReference; fileEncoding = 4; lastKnownFileType = sourcecode.c.h; path = ASIHTTPRequestConfig.h; sourceTree = "<group>"; };
		52EEB38F1ED05B9B00CBDDBB /* ASIHTTPRequestDelegate.h */ = {isa = PBXFileReference; fileEncoding = 4; lastKnownFileType = sourcecode.c.h; path = ASIHTTPRequestDelegate.h; sourceTree = "<group>"; };
		52EEB3901ED05B9B00CBDDBB /* ASIInputStream.h */ = {isa = PBXFileReference; fileEncoding = 4; lastKnownFileType = sourcecode.c.h; path = ASIInputStream.h; sourceTree = "<group>"; };
		52EEB3911ED05B9B00CBDDBB /* ASINetworkQueue.h */ = {isa = PBXFileReference; fileEncoding = 4; lastKnownFileType = sourcecode.c.h; path = ASINetworkQueue.h; sourceTree = "<group>"; };
		52EEB3921ED05B9B00CBDDBB /* ASIProgressDelegate.h */ = {isa = PBXFileReference; fileEncoding = 4; lastKnownFileType = sourcecode.c.h; path = ASIProgressDelegate.h; sourceTree = "<group>"; };
		52EEB3931ED05B9B00CBDDBB /* QYPlayerController.h */ = {isa = PBXFileReference; fileEncoding = 4; lastKnownFileType = sourcecode.c.h; path = QYPlayerController.h; sourceTree = "<group>"; };
		52EEB3941ED05B9B00CBDDBB /* libav.a */ = {isa = PBXFileReference; lastKnownFileType = archive.ar; path = libav.a; sourceTree = "<group>"; };
		52EEB3971ED05BC900CBDDBB /* CoreTelephony.framework */ = {isa = PBXFileReference; lastKnownFileType = wrapper.framework; name = CoreTelephony.framework; path = System/Library/Frameworks/CoreTelephony.framework; sourceTree = SDKROOT; };
		52EEB3991ED05BD000CBDDBB /* CoreMotion.framework */ = {isa = PBXFileReference; lastKnownFileType = wrapper.framework; name = CoreMotion.framework; path = System/Library/Frameworks/CoreMotion.framework; sourceTree = SDKROOT; };
		52EEB39B1ED05BD900CBDDBB /* CoreLocation.framework */ = {isa = PBXFileReference; lastKnownFileType = wrapper.framework; name = CoreLocation.framework; path = System/Library/Frameworks/CoreLocation.framework; sourceTree = SDKROOT; };
		52EEB39D1ED05BE200CBDDBB /* SystemConfiguration.framework */ = {isa = PBXFileReference; lastKnownFileType = wrapper.framework; name = SystemConfiguration.framework; path = System/Library/Frameworks/SystemConfiguration.framework; sourceTree = SDKROOT; };
		52EEB39F1ED05BE900CBDDBB /* MobileCoreServices.framework */ = {isa = PBXFileReference; lastKnownFileType = wrapper.framework; name = MobileCoreServices.framework; path = System/Library/Frameworks/MobileCoreServices.framework; sourceTree = SDKROOT; };
		52EEB3A11ED05BF100CBDDBB /* AudioToolbox.framework */ = {isa = PBXFileReference; lastKnownFileType = wrapper.framework; name = AudioToolbox.framework; path = System/Library/Frameworks/AudioToolbox.framework; sourceTree = SDKROOT; };
		52EEB3A31ED05BF700CBDDBB /* MediaPlayer.framework */ = {isa = PBXFileReference; lastKnownFileType = wrapper.framework; name = MediaPlayer.framework; path = System/Library/Frameworks/MediaPlayer.framework; sourceTree = SDKROOT; };
		52EEB3A51ED05C0000CBDDBB /* ImageIO.framework */ = {isa = PBXFileReference; lastKnownFileType = wrapper.framework; name = ImageIO.framework; path = System/Library/Frameworks/ImageIO.framework; sourceTree = SDKROOT; };
		52EEB3A71ED05C0800CBDDBB /* Security.framework */ = {isa = PBXFileReference; lastKnownFileType = wrapper.framework; name = Security.framework; path = System/Library/Frameworks/Security.framework; sourceTree = SDKROOT; };
		52EEB3A91ED05C0E00CBDDBB /* AdSupport.framework */ = {isa = PBXFileReference; lastKnownFileType = wrapper.framework; name = AdSupport.framework; path = System/Library/Frameworks/AdSupport.framework; sourceTree = SDKROOT; };
		52EEB3AB1ED05C1600CBDDBB /* MessageUI.framework */ = {isa = PBXFileReference; lastKnownFileType = wrapper.framework; name = MessageUI.framework; path = System/Library/Frameworks/MessageUI.framework; sourceTree = SDKROOT; };
		52EEB3AD1ED05C1F00CBDDBB /* AssetsLibrary.framework */ = {isa = PBXFileReference; lastKnownFileType = wrapper.framework; name = AssetsLibrary.framework; path = System/Library/Frameworks/AssetsLibrary.framework; sourceTree = SDKROOT; };
		52EEB3AF1ED05C2700CBDDBB /* OpenAL.framework */ = {isa = PBXFileReference; lastKnownFileType = wrapper.framework; name = OpenAL.framework; path = System/Library/Frameworks/OpenAL.framework; sourceTree = SDKROOT; };
		52EEB3B11ED05C2E00CBDDBB /* AVKit.framework */ = {isa = PBXFileReference; lastKnownFileType = wrapper.framework; name = AVKit.framework; path = System/Library/Frameworks/AVKit.framework; sourceTree = SDKROOT; };
		52EEB3B31ED05C3600CBDDBB /* CoreImage.framework */ = {isa = PBXFileReference; lastKnownFileType = wrapper.framework; name = CoreImage.framework; path = System/Library/Frameworks/CoreImage.framework; sourceTree = SDKROOT; };
		52EEB3B51ED05C3D00CBDDBB /* Accelerate.framework */ = {isa = PBXFileReference; lastKnownFileType = wrapper.framework; name = Accelerate.framework; path = System/Library/Frameworks/Accelerate.framework; sourceTree = SDKROOT; };
		52EEB3B71ED05C4400CBDDBB /* JavaScriptCore.framework */ = {isa = PBXFileReference; lastKnownFileType = wrapper.framework; name = JavaScriptCore.framework; path = System/Library/Frameworks/JavaScriptCore.framework; sourceTree = SDKROOT; };
		52EEB3B91ED05C4C00CBDDBB /* GLKit.framework */ = {isa = PBXFileReference; lastKnownFileType = wrapper.framework; name = GLKit.framework; path = System/Library/Frameworks/GLKit.framework; sourceTree = SDKROOT; };
		52EEB3BB1ED05C5600CBDDBB /* EventKit.framework */ = {isa = PBXFileReference; lastKnownFileType = wrapper.framework; name = EventKit.framework; path = System/Library/Frameworks/EventKit.framework; sourceTree = SDKROOT; };
		52EEB3BD1ED05C5D00CBDDBB /* CoreData.framework */ = {isa = PBXFileReference; lastKnownFileType = wrapper.framework; name = CoreData.framework; path = System/Library/Frameworks/CoreData.framework; sourceTree = SDKROOT; };
		52EEB3BF1ED05C6400CBDDBB /* VideoToolbox.framework */ = {isa = PBXFileReference; lastKnownFileType = wrapper.framework; name = VideoToolbox.framework; path = System/Library/Frameworks/VideoToolbox.framework; sourceTree = SDKROOT; };
		52EEB3C11ED05C6A00CBDDBB /* NotificationCenter.framework */ = {isa = PBXFileReference; lastKnownFileType = wrapper.framework; name = NotificationCenter.framework; path = System/Library/Frameworks/NotificationCenter.framework; sourceTree = SDKROOT; };
		52EEB3C31ED05C7300CBDDBB /* CoreGraphics.framework */ = {isa = PBXFileReference; lastKnownFileType = wrapper.framework; name = CoreGraphics.framework; path = System/Library/Frameworks/CoreGraphics.framework; sourceTree = SDKROOT; };
		52EEB3C51ED05C7B00CBDDBB /* AVFoundation.framework */ = {isa = PBXFileReference; lastKnownFileType = wrapper.framework; name = AVFoundation.framework; path = System/Library/Frameworks/AVFoundation.framework; sourceTree = SDKROOT; };
		52EEB3C71ED05C8400CBDDBB /* Foundation.framework */ = {isa = PBXFileReference; lastKnownFileType = wrapper.framework; name = Foundation.framework; path = System/Library/Frameworks/Foundation.framework; sourceTree = SDKROOT; };
		52EEB3C91ED05C8A00CBDDBB /* UIKit.framework */ = {isa = PBXFileReference; lastKnownFileType = wrapper.framework; name = UIKit.framework; path = System/Library/Frameworks/UIKit.framework; sourceTree = SDKROOT; };
		52EEB3CB1ED05C9100CBDDBB /* QuartzCore.framework */ = {isa = PBXFileReference; lastKnownFileType = wrapper.framework; name = QuartzCore.framework; path = System/Library/Frameworks/QuartzCore.framework; sourceTree = SDKROOT; };
		52EEB3CD1ED05C9700CBDDBB /* CFNetwork.framework */ = {isa = PBXFileReference; lastKnownFileType = wrapper.framework; name = CFNetwork.framework; path = System/Library/Frameworks/CFNetwork.framework; sourceTree = SDKROOT; };
		52EEB3CF1ED05C9D00CBDDBB /* CoreMedia.framework */ = {isa = PBXFileReference; lastKnownFileType = wrapper.framework; name = CoreMedia.framework; path = System/Library/Frameworks/CoreMedia.framework; sourceTree = SDKROOT; };
		52EEB3D11ED05CA600CBDDBB /* libxml2.tbd */ = {isa = PBXFileReference; lastKnownFileType = "sourcecode.text-based-dylib-definition"; name = libxml2.tbd; path = usr/lib/libxml2.tbd; sourceTree = SDKROOT; };
		52EEB3D31ED05CB200CBDDBB /* libsqlite3.tbd */ = {isa = PBXFileReference; lastKnownFileType = "sourcecode.text-based-dylib-definition"; name = libsqlite3.tbd; path = usr/lib/libsqlite3.tbd; sourceTree = SDKROOT; };
		52EEB3D51ED05CC500CBDDBB /* libz.1.tbd */ = {isa = PBXFileReference; lastKnownFileType = "sourcecode.text-based-dylib-definition"; name = libz.1.tbd; path = usr/lib/libz.1.tbd; sourceTree = SDKROOT; };
		52EEB3D71ED05CD300CBDDBB /* libstdc++.tbd */ = {isa = PBXFileReference; lastKnownFileType = "sourcecode.text-based-dylib-definition"; name = "libstdc++.tbd"; path = "usr/lib/libstdc++.tbd"; sourceTree = SDKROOT; };
		52EEB3D91ED05CE200CBDDBB /* libc++.tbd */ = {isa = PBXFileReference; lastKnownFileType = "sourcecode.text-based-dylib-definition"; name = "libc++.tbd"; path = "usr/lib/libc++.tbd"; sourceTree = SDKROOT; };
		52EEB3DB1ED05CEA00CBDDBB /* libiconv.tbd */ = {isa = PBXFileReference; lastKnownFileType = "sourcecode.text-based-dylib-definition"; name = libiconv.tbd; path = usr/lib/libiconv.tbd; sourceTree = SDKROOT; };
		5C466BDF398279E07157273F /* Pods-Beacon.release.xcconfig */ = {isa = PBXFileReference; includeInIndex = 1; lastKnownFileType = text.xcconfig; name = "Pods-Beacon.release.xcconfig"; path = "Pods/Target Support Files/Pods-Beacon/Pods-Beacon.release.xcconfig"; sourceTree = "<group>"; };
		6392E15A2A3C77F3B7FC3DB4 /* libPods-BeaconTests.a */ = {isa = PBXFileReference; explicitFileType = archive.ar; includeInIndex = 0; path = "libPods-BeaconTests.a"; sourceTree = BUILT_PRODUCTS_DIR; };
		8B3B08B6D3329AFDDB613AAE /* Pods-Beacon.debug.xcconfig */ = {isa = PBXFileReference; includeInIndex = 1; lastKnownFileType = text.xcconfig; name = "Pods-Beacon.debug.xcconfig"; path = "Pods/Target Support Files/Pods-Beacon/Pods-Beacon.debug.xcconfig"; sourceTree = "<group>"; };
		D5139B581EDBBE0900B6FB2C /* CCDraggableCardView.h */ = {isa = PBXFileReference; fileEncoding = 4; lastKnownFileType = sourcecode.c.h; path = CCDraggableCardView.h; sourceTree = "<group>"; };
		D5139B591EDBBE0900B6FB2C /* CCDraggableCardView.m */ = {isa = PBXFileReference; fileEncoding = 4; lastKnownFileType = sourcecode.c.objc; path = CCDraggableCardView.m; sourceTree = "<group>"; };
		D5139B5A1EDBBE0900B6FB2C /* CCDraggableConfig.h */ = {isa = PBXFileReference; fileEncoding = 4; lastKnownFileType = sourcecode.c.h; path = CCDraggableConfig.h; sourceTree = "<group>"; };
		D5139B5B1EDBBE0900B6FB2C /* CCDraggableContainer.h */ = {isa = PBXFileReference; fileEncoding = 4; lastKnownFileType = sourcecode.c.h; path = CCDraggableContainer.h; sourceTree = "<group>"; };
		D5139B5C1EDBBE0900B6FB2C /* CCDraggableContainer.m */ = {isa = PBXFileReference; fileEncoding = 4; lastKnownFileType = sourcecode.c.objc; path = CCDraggableContainer.m; sourceTree = "<group>"; };
		D5139B621EDBC43700B6FB2C /* ECCardView.h */ = {isa = PBXFileReference; fileEncoding = 4; lastKnownFileType = sourcecode.c.h; path = ECCardView.h; sourceTree = "<group>"; };
		D5139B631EDBC43700B6FB2C /* ECCardView.m */ = {isa = PBXFileReference; fileEncoding = 4; lastKnownFileType = sourcecode.c.objc; path = ECCardView.m; sourceTree = "<group>"; };
		D54DF6A91EF4C4B600B84A4F /* UITableView+EmptyData.h */ = {isa = PBXFileReference; fileEncoding = 4; lastKnownFileType = sourcecode.c.h; path = "UITableView+EmptyData.h"; sourceTree = "<group>"; };
		D54DF6AA1EF4C4B600B84A4F /* UITableView+EmptyData.m */ = {isa = PBXFileReference; fileEncoding = 4; lastKnownFileType = sourcecode.c.objc; path = "UITableView+EmptyData.m"; sourceTree = "<group>"; };
		D55AAA561EEDFFEC0095D5CE /* IQActivityIndicatorView.h */ = {isa = PBXFileReference; fileEncoding = 4; lastKnownFileType = sourcecode.c.h; path = IQActivityIndicatorView.h; sourceTree = "<group>"; };
		D55AAA571EEDFFEC0095D5CE /* IQActivityIndicatorView.m */ = {isa = PBXFileReference; fileEncoding = 4; lastKnownFileType = sourcecode.c.objc; path = IQActivityIndicatorView.m; sourceTree = "<group>"; };
		D5A8F8351EE8DABE00B73670 /* ECMenuViewController.h */ = {isa = PBXFileReference; fileEncoding = 4; lastKnownFileType = sourcecode.c.h; path = ECMenuViewController.h; sourceTree = "<group>"; };
		D5A8F8361EE8DABE00B73670 /* ECMenuViewController.m */ = {isa = PBXFileReference; fileEncoding = 4; lastKnownFileType = sourcecode.c.objc; path = ECMenuViewController.m; sourceTree = "<group>"; };
		D5A8F8391EE9020900B73670 /* UIView+LSCore.h */ = {isa = PBXFileReference; fileEncoding = 4; lastKnownFileType = sourcecode.c.h; path = "UIView+LSCore.h"; sourceTree = "<group>"; };
		D5A8F83A1EE9020900B73670 /* UIView+LSCore.m */ = {isa = PBXFileReference; fileEncoding = 4; lastKnownFileType = sourcecode.c.objc; path = "UIView+LSCore.m"; sourceTree = "<group>"; };
		D5A8F83E1EE96BC200B73670 /* ECMenuItemTableViewCell.h */ = {isa = PBXFileReference; fileEncoding = 4; lastKnownFileType = sourcecode.c.h; path = ECMenuItemTableViewCell.h; sourceTree = "<group>"; };
		D5A8F83F1EE96BC200B73670 /* ECMenuItemTableViewCell.m */ = {isa = PBXFileReference; fileEncoding = 4; lastKnownFileType = sourcecode.c.objc; path = ECMenuItemTableViewCell.m; sourceTree = "<group>"; };
		D5A8F8401EE96BC200B73670 /* ECMenuItemTableViewCell.xib */ = {isa = PBXFileReference; fileEncoding = 4; lastKnownFileType = file.xib; path = ECMenuItemTableViewCell.xib; sourceTree = "<group>"; };
		D5A8F8431EE9B31700B73670 /* Reveal.framework */ = {isa = PBXFileReference; lastKnownFileType = wrapper.framework; path = Reveal.framework; sourceTree = "<group>"; };
		FBCAB8705E59DF728B7BC9FE /* Pods-Beacon-BeaconTests.release.xcconfig */ = {isa = PBXFileReference; includeInIndex = 1; lastKnownFileType = text.xcconfig; name = "Pods-Beacon-BeaconTests.release.xcconfig"; path = "Pods/Target Support Files/Pods-Beacon-BeaconTests/Pods-Beacon-BeaconTests.release.xcconfig"; sourceTree = "<group>"; };
/* End PBXFileReference section */

/* Begin PBXFrameworksBuildPhase section */
		52EEB3591ED05AFD00CBDDBB /* Frameworks */ = {
			isa = PBXFrameworksBuildPhase;
			buildActionMask = 2147483647;
			files = (
				52EEB3DC1ED05CEA00CBDDBB /* libiconv.tbd in Frameworks */,
				52EEB3DA1ED05CE200CBDDBB /* libc++.tbd in Frameworks */,
				52EEB3D81ED05CD300CBDDBB /* libstdc++.tbd in Frameworks */,
				52EEB3D61ED05CC500CBDDBB /* libz.1.tbd in Frameworks */,
				52EEB3D41ED05CB200CBDDBB /* libsqlite3.tbd in Frameworks */,
				52EEB3D21ED05CA600CBDDBB /* libxml2.tbd in Frameworks */,
				52EEB3D01ED05C9D00CBDDBB /* CoreMedia.framework in Frameworks */,
				D5A8F8441EE9B31700B73670 /* Reveal.framework in Frameworks */,
				52EEB3CE1ED05C9700CBDDBB /* CFNetwork.framework in Frameworks */,
				52EEB3CC1ED05C9100CBDDBB /* QuartzCore.framework in Frameworks */,
				52EEB3CA1ED05C8A00CBDDBB /* UIKit.framework in Frameworks */,
				52EEB3C81ED05C8400CBDDBB /* Foundation.framework in Frameworks */,
				52EEB3C61ED05C7B00CBDDBB /* AVFoundation.framework in Frameworks */,
				52EEB3C41ED05C7300CBDDBB /* CoreGraphics.framework in Frameworks */,
				52EEB3C21ED05C6A00CBDDBB /* NotificationCenter.framework in Frameworks */,
				52EEB3C01ED05C6400CBDDBB /* VideoToolbox.framework in Frameworks */,
				52EEB3BE1ED05C5D00CBDDBB /* CoreData.framework in Frameworks */,
				52EEB3BC1ED05C5600CBDDBB /* EventKit.framework in Frameworks */,
				52EEB3BA1ED05C4C00CBDDBB /* GLKit.framework in Frameworks */,
				52EEB3B81ED05C4400CBDDBB /* JavaScriptCore.framework in Frameworks */,
				52EEB3B61ED05C3D00CBDDBB /* Accelerate.framework in Frameworks */,
				52EEB3B41ED05C3600CBDDBB /* CoreImage.framework in Frameworks */,
				52EEB3B21ED05C2E00CBDDBB /* AVKit.framework in Frameworks */,
				52EEB3B01ED05C2700CBDDBB /* OpenAL.framework in Frameworks */,
				52EEB3AE1ED05C1F00CBDDBB /* AssetsLibrary.framework in Frameworks */,
				52EEB3AC1ED05C1600CBDDBB /* MessageUI.framework in Frameworks */,
				52EEB3AA1ED05C0E00CBDDBB /* AdSupport.framework in Frameworks */,
				52EEB3A81ED05C0800CBDDBB /* Security.framework in Frameworks */,
				52EEB3A61ED05C0000CBDDBB /* ImageIO.framework in Frameworks */,
				52EEB3A41ED05BF700CBDDBB /* MediaPlayer.framework in Frameworks */,
				52EEB3A21ED05BF100CBDDBB /* AudioToolbox.framework in Frameworks */,
				52EEB3A01ED05BE900CBDDBB /* MobileCoreServices.framework in Frameworks */,
				52EEB39E1ED05BE200CBDDBB /* SystemConfiguration.framework in Frameworks */,
				52EEB39C1ED05BD900CBDDBB /* CoreLocation.framework in Frameworks */,
				52EEB39A1ED05BD000CBDDBB /* CoreMotion.framework in Frameworks */,
				52EEB3981ED05BC900CBDDBB /* CoreTelephony.framework in Frameworks */,
				52EEB3951ED05B9B00CBDDBB /* libav.a in Frameworks */,
				609E5B03E48D5A193E9BE625 /* libPods-Beacon.a in Frameworks */,
			);
			runOnlyForDeploymentPostprocessing = 0;
		};
		52EEB3721ED05AFD00CBDDBB /* Frameworks */ = {
			isa = PBXFrameworksBuildPhase;
			buildActionMask = 2147483647;
			files = (
				DF6667C7B0C8BE6B64CCC04A /* libPods-Beacon-BeaconTests.a in Frameworks */,
			);
			runOnlyForDeploymentPostprocessing = 0;
		};
/* End PBXFrameworksBuildPhase section */

/* Begin PBXGroup section */
		520964481EDBC406001F2A05 /* ReturningVideo */ = {
			isa = PBXGroup;
			children = (
				520964491EDBC436001F2A05 /* ECReturningVideo.h */,
				5209644A1EDBC436001F2A05 /* ECReturningVideo.m */,
			);
			name = ReturningVideo;
			sourceTree = "<group>";
		};
		5209644C1EDBC451001F2A05 /* ReturningVideoType */ = {
			isa = PBXGroup;
			children = (
				520964451EDBBB5A001F2A05 /* ECReturningVideoType.h */,
				520964461EDBBB5A001F2A05 /* ECReturningVideoType.m */,
			);
			name = ReturningVideoType;
			sourceTree = "<group>";
		};
		5214C0861EDBC54700D09A06 /* VideoType */ = {
			isa = PBXGroup;
			children = (
				520964421EDBBB41001F2A05 /* ECVideoType.h */,
				520964431EDBBB41001F2A05 /* ECVideoType.m */,
			);
			name = VideoType;
			sourceTree = "<group>";
		};
		5214C0871EDBC54F00D09A06 /* Video */ = {
			isa = PBXGroup;
			children = (
				5214C0881EDBC55F00D09A06 /* ECVideo.h */,
				5214C0891EDBC55F00D09A06 /* ECVideo.m */,
			);
			name = Video;
			sourceTree = "<group>";
		};
		523EA4941EDD6EBB00E02A95 /* CacheManager */ = {
			isa = PBXGroup;
			children = (
				52E227EF1EDCF8660019E958 /* ECCacheManager.h */,
				52E227F01EDCF8660019E958 /* ECCacheManager.m */,
			);
			name = CacheManager;
			sourceTree = "<group>";
		};
		523EA4951EDD6EC500E02A95 /* CacheAPIHelper */ = {
			isa = PBXGroup;
			children = (
				523EA4961EDD6EE900E02A95 /* ECCacheAPIHelper.h */,
				523EA4971EDD6EE900E02A95 /* ECCacheAPIHelper.m */,
			);
			name = CacheAPIHelper;
			sourceTree = "<group>";
		};
		526A567F1EE6FFFB00FCD30D /* Video */ = {
			isa = PBXGroup;
			children = (
				52B9E0321EE8537B003E5CFF /* VideoTableViewCell */,
				526A56801EE7002400FCD30D /* ECVideoTableViewController.h */,
				526A56811EE7002400FCD30D /* ECVideoTableViewController.m */,
			);
			name = Video;
			sourceTree = "<group>";
		};
		526F34F51EF0563B004AB51B /* PlayerViewModel */ = {
			isa = PBXGroup;
			children = (
				526F34F61EF0566C004AB51B /* ECPlayerViewModel.h */,
				526F34F71EF0566C004AB51B /* ECPlayerViewModel.m */,
			);
			name = PlayerViewModel;
			sourceTree = "<group>";
		};
		5274F3C21EF57AB000E4B06D /* ReturningWatchedVideo */ = {
			isa = PBXGroup;
			children = (
				5274F3C31EF57AEA00E4B06D /* ECReturningWatchedVideo.h */,
				5274F3C41EF57AEA00E4B06D /* ECReturningWatchedVideo.m */,
			);
			name = ReturningWatchedVideo;
			sourceTree = "<group>";
		};
		5281986A1EDBB112009D15FA /* APIManager */ = {
			isa = PBXGroup;
			children = (
				5281986B1EDBB1C8009D15FA /* ECAPIManager.h */,
				5281986C1EDBB1C8009D15FA /* ECAPIManager.m */,
			);
			name = APIManager;
			sourceTree = "<group>";
		};
		5289E06A1EEBE0C30012D05E /* IntroductTableViewCell */ = {
			isa = PBXGroup;
			children = (
				5289E06B1EEBE0FF0012D05E /* ECVideoIntroductTableViewCell.h */,
				5289E06C1EEBE0FF0012D05E /* ECVideoIntroductTableViewCell.m */,
			);
			name = IntroductTableViewCell;
			sourceTree = "<group>";
		};
		5289E06E1EEBE66F0012D05E /* GuessingLabelTableViewCell */ = {
			isa = PBXGroup;
			children = (
				5289E06F1EEBE6B40012D05E /* ECVideoGuessingLabelTableViewCell.h */,
				5289E0701EEBE6B40012D05E /* ECVideoGuessingLabelTableViewCell.m */,
			);
			name = GuessingLabelTableViewCell;
			sourceTree = "<group>";
		};
		5289E0721EEBE7F60012D05E /* GuessingContentTableViewCell */ = {
			isa = PBXGroup;
			children = (
				5289E0731EEBE8240012D05E /* ECVideoGuessingContentTableViewCell.h */,
				5289E0741EEBE8240012D05E /* ECVideoGuessingContentTableViewCell.m */,
			);
			name = GuessingContentTableViewCell;
			sourceTree = "<group>";
		};
		5289E0761EEBF3430012D05E /* ResourceTypeCollectionViewCell */ = {
			isa = PBXGroup;
			children = (
				5289E0771EEBF3890012D05E /* ECVideoResourceTypeCollectionViewCell.h */,
				5289E0781EEBF3890012D05E /* ECVideoResourceTypeCollectionViewCell.m */,
			);
			name = ResourceTypeCollectionViewCell;
			sourceTree = "<group>";
		};
		528B21E61EDBAAD700D1CE02 /* Main */ = {
			isa = PBXGroup;
			children = (
				5233909C1ED067B600C46419 /* ECMainViewController.h */,
				5233909D1ED067B600C46419 /* ECMainViewController.m */,
			);
			name = Main;
			sourceTree = "<group>";
		};
		528B21E71EDBAAF300D1CE02 /* FullScreenPlayer */ = {
			isa = PBXGroup;
			children = (
				52C90F781ED077A7009793DC /* ECFullScreenPlayerController.h */,
				52C90F791ED077A7009793DC /* ECFullScreenPlayerController.m */,
			);
			name = FullScreenPlayer;
			sourceTree = "<group>";
		};
		528B21E81EDBAB2500D1CE02 /* Network */ = {
			isa = PBXGroup;
			children = (
				528B21EA1EDBAB3600D1CE02 /* NetworkManager */,
				528B21E91EDBAB2D00D1CE02 /* NetworkModel */,
			);
			name = Network;
			sourceTree = "<group>";
		};
		528B21E91EDBAB2D00D1CE02 /* NetworkModel */ = {
			isa = PBXGroup;
			children = (
				528B21EF1EDBABA700D1CE02 /* ReturnModel */,
			);
			name = NetworkModel;
			sourceTree = "<group>";
		};
		528B21EA1EDBAB3600D1CE02 /* NetworkManager */ = {
			isa = PBXGroup;
			children = (
				5281986A1EDBB112009D15FA /* APIManager */,
			);
			name = NetworkManager;
			sourceTree = "<group>";
		};
		528B21EC1EDBAB5A00D1CE02 /* Controller */ = {
			isa = PBXGroup;
			children = (
				529332D81EF3F5BC00AB2EB4 /* Navigation */,
				D5A8F8341EE8DA9000B73670 /* Menu */,
				526A567F1EE6FFFB00FCD30D /* Video */,
				528B21E71EDBAAF300D1CE02 /* FullScreenPlayer */,
				528B21E61EDBAAD700D1CE02 /* Main */,
			);
			name = Controller;
			sourceTree = "<group>";
		};
		528B21ED1EDBAB6400D1CE02 /* Others */ = {
			isa = PBXGroup;
			children = (
				D5A8F8381EE901D100B73670 /* Category */,
				52E227EE1EDCF8520019E958 /* Cache */,
				52E227ED1EDCF83A0019E958 /* Constant */,
				52DE8C961EDC109D00072C91 /* Tools */,
				528B21E81EDBAB2500D1CE02 /* Network */,
			);
			name = Others;
			sourceTree = "<group>";
		};
		528B21EF1EDBABA700D1CE02 /* ReturnModel */ = {
			isa = PBXGroup;
			children = (
				5274F3C21EF57AB000E4B06D /* ReturningWatchedVideo */,
				52DE8C9F1EDC19BE00072C91 /* ReturningVideoHistory */,
				5209644C1EDBC451001F2A05 /* ReturningVideoType */,
				520964481EDBC406001F2A05 /* ReturningVideo */,
			);
			name = ReturnModel;
			sourceTree = "<group>";
		};
		528B21F01EDBABBD00D1CE02 /* Model */ = {
			isa = PBXGroup;
			children = (
				526F34F51EF0563B004AB51B /* PlayerViewModel */,
				5214C0871EDBC54F00D09A06 /* Video */,
				5214C0861EDBC54700D09A06 /* VideoType */,
				52DE8CA61EDC19F300072C91 /* VideoHistory */,
			);
			name = Model;
			sourceTree = "<group>";
		};
		529332D81EF3F5BC00AB2EB4 /* Navigation */ = {
			isa = PBXGroup;
			children = (
				529332D91EF3F5DF00AB2EB4 /* ECNavigationViewController.h */,
				529332DA1EF3F5DF00AB2EB4 /* ECNavigationViewController.m */,
			);
			name = Navigation;
			sourceTree = "<group>";
		};
		52B9E0321EE8537B003E5CFF /* VideoTableViewCell */ = {
			isa = PBXGroup;
			children = (
				5289E0761EEBF3430012D05E /* ResourceTypeCollectionViewCell */,
				5289E0721EEBE7F60012D05E /* GuessingContentTableViewCell */,
				5289E06E1EEBE66F0012D05E /* GuessingLabelTableViewCell */,
				5289E06A1EEBE0C30012D05E /* IntroductTableViewCell */,
				52B9E0361EE854C0003E5CFF /* PlayerTableViewCell */,
			);
			name = VideoTableViewCell;
			sourceTree = "<group>";
		};
		52B9E0361EE854C0003E5CFF /* PlayerTableViewCell */ = {
			isa = PBXGroup;
			children = (
				52B9E0331EE853FA003E5CFF /* ECVideoPlayerTableViewCell.h */,
				52B9E0341EE853FA003E5CFF /* ECVideoPlayerTableViewCell.m */,
			);
			name = PlayerTableViewCell;
			sourceTree = "<group>";
		};
		52DE8C961EDC109D00072C91 /* Tools */ = {
			isa = PBXGroup;
			children = (
				52DE8C9B1EDC12B500072C91 /* Util */,
				52DE8C9A1EDC10AD00072C91 /* Keychain */,
			);
			name = Tools;
			sourceTree = "<group>";
		};
		52DE8C9A1EDC10AD00072C91 /* Keychain */ = {
			isa = PBXGroup;
			children = (
				52DE8C971EDC10AA00072C91 /* APKeychainItemWrapper.h */,
				52DE8C981EDC10AA00072C91 /* APKeychainItemWrapper.m */,
			);
			name = Keychain;
			sourceTree = "<group>";
		};
		52DE8C9B1EDC12B500072C91 /* Util */ = {
			isa = PBXGroup;
			children = (
				52DE8C9C1EDC12CC00072C91 /* ECUtil.h */,
				52DE8C9D1EDC12CC00072C91 /* ECUtil.m */,
			);
			name = Util;
			sourceTree = "<group>";
		};
		52DE8C9F1EDC19BE00072C91 /* ReturningVideoHistory */ = {
			isa = PBXGroup;
			children = (
				52DE8CA71EDC1A1E00072C91 /* ECReturningVideoHistory.h */,
				52DE8CA81EDC1A1E00072C91 /* ECReturningVideoHistory.m */,
			);
			name = ReturningVideoHistory;
			sourceTree = "<group>";
		};
		52DE8CA61EDC19F300072C91 /* VideoHistory */ = {
			isa = PBXGroup;
			children = (
				52DE8CA31EDC19F000072C91 /* ECVideoHistory.h */,
				52DE8CA41EDC19F000072C91 /* ECVideoHistory.m */,
			);
			name = VideoHistory;
			sourceTree = "<group>";
		};
		52E227ED1EDCF83A0019E958 /* Constant */ = {
			isa = PBXGroup;
			children = (
				525167411ED17BC500FA943C /* ECConstant.h */,
				525167421ED17BC500FA943C /* ECConstant.m */,
			);
			name = Constant;
			sourceTree = "<group>";
		};
		52E227EE1EDCF8520019E958 /* Cache */ = {
			isa = PBXGroup;
			children = (
				523EA4951EDD6EC500E02A95 /* CacheAPIHelper */,
				523EA4941EDD6EBB00E02A95 /* CacheManager */,
			);
			name = Cache;
			sourceTree = "<group>";
		};
		52EEB3531ED05AFD00CBDDBB = {
			isa = PBXGroup;
			children = (
				52EEB35E1ED05AFD00CBDDBB /* Beacon */,
				52EEB3781ED05AFD00CBDDBB /* BeaconTests */,
				52EEB35D1ED05AFD00CBDDBB /* Products */,
				52EEB3961ED05BC900CBDDBB /* Frameworks */,
				71FE2B6CC167F1B6E1598978 /* Pods */,
			);
			sourceTree = "<group>";
		};
		52EEB35D1ED05AFD00CBDDBB /* Products */ = {
			isa = PBXGroup;
			children = (
				52EEB35C1ED05AFD00CBDDBB /* Beacon.app */,
				52EEB3751ED05AFD00CBDDBB /* BeaconTests.xctest */,
			);
			name = Products;
			sourceTree = "<group>";
		};
		52EEB35E1ED05AFD00CBDDBB /* Beacon */ = {
			isa = PBXGroup;
			children = (
				D5139B551EDBBD8000B6FB2C /* View */,
				528B21F01EDBABBD00D1CE02 /* Model */,
				528B21EC1EDBAB5A00D1CE02 /* Controller */,
				528B21ED1EDBAB6400D1CE02 /* Others */,
				52EEB3681ED05AFD00CBDDBB /* Main.storyboard */,
				52EEB36B1ED05AFD00CBDDBB /* Assets.xcassets */,
				52EEB36D1ED05AFD00CBDDBB /* LaunchScreen.storyboard */,
				52EEB35F1ED05AFD00CBDDBB /* Supporting Files */,
			);
			path = Beacon;
			sourceTree = "<group>";
		};
		52EEB35F1ED05AFD00CBDDBB /* Supporting Files */ = {
			isa = PBXGroup;
			children = (
				52EEB3841ED05B9B00CBDDBB /* IOSPlayerLib */,
				52EEB3601ED05AFD00CBDDBB /* main.m */,
				52EEB3701ED05AFD00CBDDBB /* Info.plist */,
				52E0C88D1ED065C0007D08D9 /* ECBeacon-Prefix.pch */,
			);
			name = "Supporting Files";
			sourceTree = "<group>";
		};
		52EEB3781ED05AFD00CBDDBB /* BeaconTests */ = {
			isa = PBXGroup;
			children = (
				52EEB3791ED05AFD00CBDDBB /* BeaconTests.m */,
				52EEB37B1ED05AFD00CBDDBB /* Info.plist */,
				5205AD6C1EDBB59500DEACE8 /* NetworkTests.m */,
				52E227F31EDD01B30019E958 /* CacheTests.m */,
				520A4E371EDDA53400FFA5CA /* CacheAPITests.m */,
			);
			path = BeaconTests;
			sourceTree = "<group>";
		};
		52EEB3841ED05B9B00CBDDBB /* IOSPlayerLib */ = {
			isa = PBXGroup;
			children = (
				52EEB3621ED05AFD00CBDDBB /* AppDelegate.h */,
				52EEB3631ED05AFD00CBDDBB /* AppDelegate.m */,
				52EEB3941ED05B9B00CBDDBB /* libav.a */,
				52EEB3851ED05B9B00CBDDBB /* include */,
			);
			path = IOSPlayerLib;
			sourceTree = "<group>";
		};
		52EEB3851ED05B9B00CBDDBB /* include */ = {
			isa = PBXGroup;
			children = (
				52EEB3861ED05B9B00CBDDBB /* asihttp include */,
				52EEB3931ED05B9B00CBDDBB /* QYPlayerController.h */,
			);
			path = include;
			sourceTree = "<group>";
		};
		52EEB3861ED05B9B00CBDDBB /* asihttp include */ = {
			isa = PBXGroup;
			children = (
				52EEB3871ED05B9B00CBDDBB /* ASIAuthenticationDialog.h */,
				52EEB3881ED05B9B00CBDDBB /* ASICacheDelegate.h */,
				52EEB3891ED05B9B00CBDDBB /* ASIDataCompressor.h */,
				52EEB38A1ED05B9B00CBDDBB /* ASIDataDecompressor.h */,
				52EEB38B1ED05B9B00CBDDBB /* ASIDownloadCache.h */,
				52EEB38C1ED05B9B00CBDDBB /* ASIFormDataRequest.h */,
				52EEB38D1ED05B9B00CBDDBB /* ASIHTTPRequest.h */,
				52EEB38E1ED05B9B00CBDDBB /* ASIHTTPRequestConfig.h */,
				52EEB38F1ED05B9B00CBDDBB /* ASIHTTPRequestDelegate.h */,
				52EEB3901ED05B9B00CBDDBB /* ASIInputStream.h */,
				52EEB3911ED05B9B00CBDDBB /* ASINetworkQueue.h */,
				52EEB3921ED05B9B00CBDDBB /* ASIProgressDelegate.h */,
			);
			path = "asihttp include";
			sourceTree = "<group>";
		};
		52EEB3961ED05BC900CBDDBB /* Frameworks */ = {
			isa = PBXGroup;
			children = (
				D5A8F8431EE9B31700B73670 /* Reveal.framework */,
				52EEB3DB1ED05CEA00CBDDBB /* libiconv.tbd */,
				52EEB3D91ED05CE200CBDDBB /* libc++.tbd */,
				52EEB3D71ED05CD300CBDDBB /* libstdc++.tbd */,
				52EEB3D51ED05CC500CBDDBB /* libz.1.tbd */,
				52EEB3D31ED05CB200CBDDBB /* libsqlite3.tbd */,
				52EEB3D11ED05CA600CBDDBB /* libxml2.tbd */,
				52EEB3CF1ED05C9D00CBDDBB /* CoreMedia.framework */,
				52EEB3CD1ED05C9700CBDDBB /* CFNetwork.framework */,
				52EEB3CB1ED05C9100CBDDBB /* QuartzCore.framework */,
				52EEB3C91ED05C8A00CBDDBB /* UIKit.framework */,
				52EEB3C71ED05C8400CBDDBB /* Foundation.framework */,
				52EEB3C51ED05C7B00CBDDBB /* AVFoundation.framework */,
				52EEB3C31ED05C7300CBDDBB /* CoreGraphics.framework */,
				52EEB3C11ED05C6A00CBDDBB /* NotificationCenter.framework */,
				52EEB3BF1ED05C6400CBDDBB /* VideoToolbox.framework */,
				52EEB3BD1ED05C5D00CBDDBB /* CoreData.framework */,
				52EEB3BB1ED05C5600CBDDBB /* EventKit.framework */,
				52EEB3B91ED05C4C00CBDDBB /* GLKit.framework */,
				52EEB3B71ED05C4400CBDDBB /* JavaScriptCore.framework */,
				52EEB3B51ED05C3D00CBDDBB /* Accelerate.framework */,
				52EEB3B31ED05C3600CBDDBB /* CoreImage.framework */,
				52EEB3B11ED05C2E00CBDDBB /* AVKit.framework */,
				52EEB3AF1ED05C2700CBDDBB /* OpenAL.framework */,
				52EEB3AD1ED05C1F00CBDDBB /* AssetsLibrary.framework */,
				52EEB3AB1ED05C1600CBDDBB /* MessageUI.framework */,
				52EEB3A91ED05C0E00CBDDBB /* AdSupport.framework */,
				52EEB3A71ED05C0800CBDDBB /* Security.framework */,
				52EEB3A51ED05C0000CBDDBB /* ImageIO.framework */,
				52EEB3A31ED05BF700CBDDBB /* MediaPlayer.framework */,
				52EEB3A11ED05BF100CBDDBB /* AudioToolbox.framework */,
				52EEB39F1ED05BE900CBDDBB /* MobileCoreServices.framework */,
				52EEB39D1ED05BE200CBDDBB /* SystemConfiguration.framework */,
				52EEB39B1ED05BD900CBDDBB /* CoreLocation.framework */,
				52EEB3991ED05BD000CBDDBB /* CoreMotion.framework */,
				52EEB3971ED05BC900CBDDBB /* CoreTelephony.framework */,
				434DCE203FA20976CCC23D69 /* libPods-Beacon.a */,
				6392E15A2A3C77F3B7FC3DB4 /* libPods-BeaconTests.a */,
				0115FB84FD6C93526CC5EB60 /* libPods-Beacon-BeaconTests.a */,
			);
			name = Frameworks;
			sourceTree = "<group>";
		};
		71FE2B6CC167F1B6E1598978 /* Pods */ = {
			isa = PBXGroup;
			children = (
				8B3B08B6D3329AFDDB613AAE /* Pods-Beacon.debug.xcconfig */,
				5C466BDF398279E07157273F /* Pods-Beacon.release.xcconfig */,
				1E28E14527E6DEE6FE0E3880 /* Pods-Beacon-BeaconTests.debug.xcconfig */,
				FBCAB8705E59DF728B7BC9FE /* Pods-Beacon-BeaconTests.release.xcconfig */,
			);
			name = Pods;
			sourceTree = "<group>";
		};
		D5139B551EDBBD8000B6FB2C /* View */ = {
			isa = PBXGroup;
			children = (
				D5A8F83C1EE96B1600B73670 /* Menu */,
				D5139B561EDBBD8800B6FB2C /* Main */,
			);
			name = View;
			sourceTree = "<group>";
		};
		D5139B561EDBBD8800B6FB2C /* Main */ = {
			isa = PBXGroup;
			children = (
				D55AAA551EEDFFB90095D5CE /* IQActivityIndicatorView */,
				D5139B5F1EDBC3BB00B6FB2C /* ECCardView */,
				D5139B571EDBBDF500B6FB2C /* CCDraggableCard */,
			);
			name = Main;
			sourceTree = "<group>";
		};
		D5139B571EDBBDF500B6FB2C /* CCDraggableCard */ = {
			isa = PBXGroup;
			children = (
				D5139B581EDBBE0900B6FB2C /* CCDraggableCardView.h */,
				D5139B591EDBBE0900B6FB2C /* CCDraggableCardView.m */,
				D5139B5A1EDBBE0900B6FB2C /* CCDraggableConfig.h */,
				D5139B5B1EDBBE0900B6FB2C /* CCDraggableContainer.h */,
				D5139B5C1EDBBE0900B6FB2C /* CCDraggableContainer.m */,
			);
			name = CCDraggableCard;
			sourceTree = "<group>";
		};
		D5139B5F1EDBC3BB00B6FB2C /* ECCardView */ = {
			isa = PBXGroup;
			children = (
				D5139B621EDBC43700B6FB2C /* ECCardView.h */,
				D5139B631EDBC43700B6FB2C /* ECCardView.m */,
			);
			name = ECCardView;
			sourceTree = "<group>";
		};
		D55AAA551EEDFFB90095D5CE /* IQActivityIndicatorView */ = {
			isa = PBXGroup;
			children = (
				D55AAA561EEDFFEC0095D5CE /* IQActivityIndicatorView.h */,
				D55AAA571EEDFFEC0095D5CE /* IQActivityIndicatorView.m */,
			);
			name = IQActivityIndicatorView;
			sourceTree = "<group>";
		};
		D5A8F8341EE8DA9000B73670 /* Menu */ = {
			isa = PBXGroup;
			children = (
				D5A8F8351EE8DABE00B73670 /* ECMenuViewController.h */,
				D5A8F8361EE8DABE00B73670 /* ECMenuViewController.m */,
			);
			name = Menu;
			sourceTree = "<group>";
		};
		D5A8F8381EE901D100B73670 /* Category */ = {
			isa = PBXGroup;
			children = (
				D5A8F8391EE9020900B73670 /* UIView+LSCore.h */,
				D5A8F83A1EE9020900B73670 /* UIView+LSCore.m */,
				D54DF6A91EF4C4B600B84A4F /* UITableView+EmptyData.h */,
				D54DF6AA1EF4C4B600B84A4F /* UITableView+EmptyData.m */,
			);
			name = Category;
			sourceTree = "<group>";
		};
		D5A8F83C1EE96B1600B73670 /* Menu */ = {
			isa = PBXGroup;
			children = (
				D5A8F83D1EE96B2100B73670 /* Cell */,
			);
			name = Menu;
			sourceTree = "<group>";
		};
		D5A8F83D1EE96B2100B73670 /* Cell */ = {
			isa = PBXGroup;
			children = (
				D5A8F83E1EE96BC200B73670 /* ECMenuItemTableViewCell.h */,
				D5A8F83F1EE96BC200B73670 /* ECMenuItemTableViewCell.m */,
				D5A8F8401EE96BC200B73670 /* ECMenuItemTableViewCell.xib */,
			);
			name = Cell;
			sourceTree = "<group>";
		};
/* End PBXGroup section */

/* Begin PBXNativeTarget section */
		52EEB35B1ED05AFD00CBDDBB /* Beacon */ = {
			isa = PBXNativeTarget;
			buildConfigurationList = 52EEB37E1ED05AFD00CBDDBB /* Build configuration list for PBXNativeTarget "Beacon" */;
			buildPhases = (
				8B1B2B63539BD5C2EC522DC1 /* [CP] Check Pods Manifest.lock */,
				52EEB3581ED05AFD00CBDDBB /* Sources */,
				52EEB3591ED05AFD00CBDDBB /* Frameworks */,
				52EEB35A1ED05AFD00CBDDBB /* Resources */,
				ECF25DBBCA76FE9E0EA8EFC9 /* [CP] Embed Pods Frameworks */,
				5FF36C119C930EA0F58A83B9 /* [CP] Copy Pods Resources */,
			);
			buildRules = (
			);
			dependencies = (
			);
			name = Beacon;
			productName = Beacon;
			productReference = 52EEB35C1ED05AFD00CBDDBB /* Beacon.app */;
			productType = "com.apple.product-type.application";
		};
		52EEB3741ED05AFD00CBDDBB /* BeaconTests */ = {
			isa = PBXNativeTarget;
			buildConfigurationList = 52EEB3811ED05AFD00CBDDBB /* Build configuration list for PBXNativeTarget "BeaconTests" */;
			buildPhases = (
				F6A1F930A0D629E764A07522 /* [CP] Check Pods Manifest.lock */,
				52EEB3711ED05AFD00CBDDBB /* Sources */,
				52EEB3721ED05AFD00CBDDBB /* Frameworks */,
				52EEB3731ED05AFD00CBDDBB /* Resources */,
				688B6641609D2EEFDA38C37D /* [CP] Embed Pods Frameworks */,
				B1F466833B575D8EE43031F5 /* [CP] Copy Pods Resources */,
			);
			buildRules = (
			);
			dependencies = (
				52EEB3771ED05AFD00CBDDBB /* PBXTargetDependency */,
			);
			name = BeaconTests;
			productName = BeaconTests;
			productReference = 52EEB3751ED05AFD00CBDDBB /* BeaconTests.xctest */;
			productType = "com.apple.product-type.bundle.unit-test";
		};
/* End PBXNativeTarget section */

/* Begin PBXProject section */
		52EEB3541ED05AFD00CBDDBB /* Project object */ = {
			isa = PBXProject;
			attributes = {
				LastUpgradeCheck = 0830;
				ORGANIZATIONNAME = Echo;
				TargetAttributes = {
					52EEB35B1ED05AFD00CBDDBB = {
						CreatedOnToolsVersion = 8.3.2;
						DevelopmentTeam = DNL5G5M9A8;
						LastSwiftMigration = 0830;
						ProvisioningStyle = Automatic;
					};
					52EEB3741ED05AFD00CBDDBB = {
						CreatedOnToolsVersion = 8.3.2;
						DevelopmentTeam = 6A657LNQ4S;
						ProvisioningStyle = Automatic;
						TestTargetID = 52EEB35B1ED05AFD00CBDDBB;
					};
				};
			};
			buildConfigurationList = 52EEB3571ED05AFD00CBDDBB /* Build configuration list for PBXProject "Beacon" */;
			compatibilityVersion = "Xcode 3.2";
			developmentRegion = English;
			hasScannedForEncodings = 0;
			knownRegions = (
				en,
				Base,
			);
			mainGroup = 52EEB3531ED05AFD00CBDDBB;
			productRefGroup = 52EEB35D1ED05AFD00CBDDBB /* Products */;
			projectDirPath = "";
			projectRoot = "";
			targets = (
				52EEB35B1ED05AFD00CBDDBB /* Beacon */,
				52EEB3741ED05AFD00CBDDBB /* BeaconTests */,
			);
		};
/* End PBXProject section */

/* Begin PBXResourcesBuildPhase section */
		52EEB35A1ED05AFD00CBDDBB /* Resources */ = {
			isa = PBXResourcesBuildPhase;
			buildActionMask = 2147483647;
			files = (
				52EEB36F1ED05AFD00CBDDBB /* LaunchScreen.storyboard in Resources */,
				52EEB36C1ED05AFD00CBDDBB /* Assets.xcassets in Resources */,
				52EEB36A1ED05AFD00CBDDBB /* Main.storyboard in Resources */,
				D5A8F8421EE96BC200B73670 /* ECMenuItemTableViewCell.xib in Resources */,
			);
			runOnlyForDeploymentPostprocessing = 0;
		};
		52EEB3731ED05AFD00CBDDBB /* Resources */ = {
			isa = PBXResourcesBuildPhase;
			buildActionMask = 2147483647;
			files = (
			);
			runOnlyForDeploymentPostprocessing = 0;
		};
/* End PBXResourcesBuildPhase section */

/* Begin PBXShellScriptBuildPhase section */
		5FF36C119C930EA0F58A83B9 /* [CP] Copy Pods Resources */ = {
			isa = PBXShellScriptBuildPhase;
			buildActionMask = 2147483647;
			files = (
			);
			inputPaths = (
			);
			name = "[CP] Copy Pods Resources";
			outputPaths = (
			);
			runOnlyForDeploymentPostprocessing = 0;
			shellPath = /bin/sh;
			shellScript = "\"${SRCROOT}/Pods/Target Support Files/Pods-Beacon/Pods-Beacon-resources.sh\"\n";
			showEnvVarsInLog = 0;
		};
		688B6641609D2EEFDA38C37D /* [CP] Embed Pods Frameworks */ = {
			isa = PBXShellScriptBuildPhase;
			buildActionMask = 2147483647;
			files = (
			);
			inputPaths = (
			);
			name = "[CP] Embed Pods Frameworks";
			outputPaths = (
			);
			runOnlyForDeploymentPostprocessing = 0;
			shellPath = /bin/sh;
			shellScript = "\"${SRCROOT}/Pods/Target Support Files/Pods-Beacon-BeaconTests/Pods-Beacon-BeaconTests-frameworks.sh\"\n";
			showEnvVarsInLog = 0;
		};
		8B1B2B63539BD5C2EC522DC1 /* [CP] Check Pods Manifest.lock */ = {
			isa = PBXShellScriptBuildPhase;
			buildActionMask = 2147483647;
			files = (
			);
			inputPaths = (
			);
			name = "[CP] Check Pods Manifest.lock";
			outputPaths = (
			);
			runOnlyForDeploymentPostprocessing = 0;
			shellPath = /bin/sh;
			shellScript = "diff \"${PODS_ROOT}/../Podfile.lock\" \"${PODS_ROOT}/Manifest.lock\" > /dev/null\nif [ $? != 0 ] ; then\n    # print error to STDERR\n    echo \"error: The sandbox is not in sync with the Podfile.lock. Run 'pod install' or update your CocoaPods installation.\" >&2\n    exit 1\nfi\n";
			showEnvVarsInLog = 0;
		};
		B1F466833B575D8EE43031F5 /* [CP] Copy Pods Resources */ = {
			isa = PBXShellScriptBuildPhase;
			buildActionMask = 2147483647;
			files = (
			);
			inputPaths = (
			);
			name = "[CP] Copy Pods Resources";
			outputPaths = (
			);
			runOnlyForDeploymentPostprocessing = 0;
			shellPath = /bin/sh;
			shellScript = "\"${SRCROOT}/Pods/Target Support Files/Pods-Beacon-BeaconTests/Pods-Beacon-BeaconTests-resources.sh\"\n";
			showEnvVarsInLog = 0;
		};
		ECF25DBBCA76FE9E0EA8EFC9 /* [CP] Embed Pods Frameworks */ = {
			isa = PBXShellScriptBuildPhase;
			buildActionMask = 2147483647;
			files = (
			);
			inputPaths = (
			);
			name = "[CP] Embed Pods Frameworks";
			outputPaths = (
			);
			runOnlyForDeploymentPostprocessing = 0;
			shellPath = /bin/sh;
			shellScript = "\"${SRCROOT}/Pods/Target Support Files/Pods-Beacon/Pods-Beacon-frameworks.sh\"\n";
			showEnvVarsInLog = 0;
		};
		F6A1F930A0D629E764A07522 /* [CP] Check Pods Manifest.lock */ = {
			isa = PBXShellScriptBuildPhase;
			buildActionMask = 2147483647;
			files = (
			);
			inputPaths = (
			);
			name = "[CP] Check Pods Manifest.lock";
			outputPaths = (
			);
			runOnlyForDeploymentPostprocessing = 0;
			shellPath = /bin/sh;
			shellScript = "diff \"${PODS_ROOT}/../Podfile.lock\" \"${PODS_ROOT}/Manifest.lock\" > /dev/null\nif [ $? != 0 ] ; then\n    # print error to STDERR\n    echo \"error: The sandbox is not in sync with the Podfile.lock. Run 'pod install' or update your CocoaPods installation.\" >&2\n    exit 1\nfi\n";
			showEnvVarsInLog = 0;
		};
/* End PBXShellScriptBuildPhase section */

/* Begin PBXSourcesBuildPhase section */
		52EEB3581ED05AFD00CBDDBB /* Sources */ = {
			isa = PBXSourcesBuildPhase;
			buildActionMask = 2147483647;
			files = (
				52C90F7A1ED077A7009793DC /* ECFullScreenPlayerController.m in Sources */,
				520964441EDBBB41001F2A05 /* ECVideoType.m in Sources */,
				52E227F11EDCF8660019E958 /* ECCacheManager.m in Sources */,
				5289E0711EEBE6B40012D05E /* ECVideoGuessingLabelTableViewCell.m in Sources */,
				D5A8F8411EE96BC200B73670 /* ECMenuItemTableViewCell.m in Sources */,
				520964471EDBBB5A001F2A05 /* ECReturningVideoType.m in Sources */,
				523EA4981EDD6EE900E02A95 /* ECCacheAPIHelper.m in Sources */,
				D54DF6AB1EF4C4B600B84A4F /* UITableView+EmptyData.m in Sources */,
				D5A8F83B1EE9020900B73670 /* UIView+LSCore.m in Sources */,
				529332DB1EF3F5DF00AB2EB4 /* ECNavigationViewController.m in Sources */,
				5214C08A1EDBC55F00D09A06 /* ECVideo.m in Sources */,
				5233909E1ED067B600C46419 /* ECMainViewController.m in Sources */,
				5274F3C51EF57AEA00E4B06D /* ECReturningWatchedVideo.m in Sources */,
				52DE8C9E1EDC12CC00072C91 /* ECUtil.m in Sources */,
				52EEB3641ED05AFD00CBDDBB /* AppDelegate.m in Sources */,
				5209644B1EDBC436001F2A05 /* ECReturningVideo.m in Sources */,
				5281986D1EDBB1C8009D15FA /* ECAPIManager.m in Sources */,
				52DE8CA91EDC1A1E00072C91 /* ECReturningVideoHistory.m in Sources */,
				D5139B5E1EDBBE0900B6FB2C /* CCDraggableContainer.m in Sources */,
				D55AAA581EEDFFEC0095D5CE /* IQActivityIndicatorView.m in Sources */,
				5289E0751EEBE8240012D05E /* ECVideoGuessingContentTableViewCell.m in Sources */,
				D5139B641EDBC43700B6FB2C /* ECCardView.m in Sources */,
				5289E0791EEBF3890012D05E /* ECVideoResourceTypeCollectionViewCell.m in Sources */,
				525167431ED17BC500FA943C /* ECConstant.m in Sources */,
				D5139B5D1EDBBE0900B6FB2C /* CCDraggableCardView.m in Sources */,
				52DE8C991EDC10AA00072C91 /* APKeychainItemWrapper.m in Sources */,
				5289E06D1EEBE0FF0012D05E /* ECVideoIntroductTableViewCell.m in Sources */,
				52B9E0351EE853FA003E5CFF /* ECVideoPlayerTableViewCell.m in Sources */,
				526A56821EE7002400FCD30D /* ECVideoTableViewController.m in Sources */,
				52EEB3611ED05AFD00CBDDBB /* main.m in Sources */,
				52DE8CA51EDC19F000072C91 /* ECVideoHistory.m in Sources */,
				D5A8F8371EE8DABE00B73670 /* ECMenuViewController.m in Sources */,
				526F34F81EF0566C004AB51B /* ECPlayerViewModel.m in Sources */,
			);
			runOnlyForDeploymentPostprocessing = 0;
		};
		52EEB3711ED05AFD00CBDDBB /* Sources */ = {
			isa = PBXSourcesBuildPhase;
			buildActionMask = 2147483647;
			files = (
				5205AD6D1EDBB59500DEACE8 /* NetworkTests.m in Sources */,
				52E227F41EDD01B30019E958 /* CacheTests.m in Sources */,
				52EEB37A1ED05AFD00CBDDBB /* BeaconTests.m in Sources */,
				520A4E381EDDA53400FFA5CA /* CacheAPITests.m in Sources */,
			);
			runOnlyForDeploymentPostprocessing = 0;
		};
/* End PBXSourcesBuildPhase section */

/* Begin PBXTargetDependency section */
		52EEB3771ED05AFD00CBDDBB /* PBXTargetDependency */ = {
			isa = PBXTargetDependency;
			target = 52EEB35B1ED05AFD00CBDDBB /* Beacon */;
			targetProxy = 52EEB3761ED05AFD00CBDDBB /* PBXContainerItemProxy */;
		};
/* End PBXTargetDependency section */

/* Begin PBXVariantGroup section */
		52EEB3681ED05AFD00CBDDBB /* Main.storyboard */ = {
			isa = PBXVariantGroup;
			children = (
				52EEB3691ED05AFD00CBDDBB /* Base */,
			);
			name = Main.storyboard;
			sourceTree = "<group>";
		};
		52EEB36D1ED05AFD00CBDDBB /* LaunchScreen.storyboard */ = {
			isa = PBXVariantGroup;
			children = (
				52EEB36E1ED05AFD00CBDDBB /* Base */,
			);
			name = LaunchScreen.storyboard;
			sourceTree = "<group>";
		};
/* End PBXVariantGroup section */

/* Begin XCBuildConfiguration section */
		52EEB37C1ED05AFD00CBDDBB /* Debug */ = {
			isa = XCBuildConfiguration;
			buildSettings = {
				ALWAYS_SEARCH_USER_PATHS = NO;
				CLANG_ANALYZER_NONNULL = YES;
				CLANG_ANALYZER_NUMBER_OBJECT_CONVERSION = YES_AGGRESSIVE;
				CLANG_CXX_LANGUAGE_STANDARD = "gnu++0x";
				CLANG_CXX_LIBRARY = "libc++";
				CLANG_ENABLE_MODULES = YES;
				CLANG_ENABLE_OBJC_ARC = YES;
				CLANG_WARN_BOOL_CONVERSION = YES;
				CLANG_WARN_CONSTANT_CONVERSION = YES;
				CLANG_WARN_DIRECT_OBJC_ISA_USAGE = YES_ERROR;
				CLANG_WARN_DOCUMENTATION_COMMENTS = YES;
				CLANG_WARN_EMPTY_BODY = YES;
				CLANG_WARN_ENUM_CONVERSION = YES;
				CLANG_WARN_INFINITE_RECURSION = YES;
				CLANG_WARN_INT_CONVERSION = YES;
				CLANG_WARN_OBJC_ROOT_CLASS = YES_ERROR;
				CLANG_WARN_SUSPICIOUS_MOVE = YES;
				CLANG_WARN_UNREACHABLE_CODE = YES;
				CLANG_WARN__DUPLICATE_METHOD_MATCH = YES;
				"CODE_SIGN_IDENTITY[sdk=iphoneos*]" = "iPhone Developer";
				COPY_PHASE_STRIP = NO;
				DEBUG_INFORMATION_FORMAT = dwarf;
				ENABLE_STRICT_OBJC_MSGSEND = YES;
				ENABLE_TESTABILITY = YES;
				GCC_C_LANGUAGE_STANDARD = gnu99;
				GCC_DYNAMIC_NO_PIC = NO;
				GCC_NO_COMMON_BLOCKS = YES;
				GCC_OPTIMIZATION_LEVEL = 0;
				GCC_PRECOMPILE_PREFIX_HEADER = NO;
				GCC_PREFIX_HEADER = "";
				GCC_PREPROCESSOR_DEFINITIONS = (
					"DEBUG=1",
					"$(inherited)",
				);
				GCC_WARN_64_TO_32_BIT_CONVERSION = YES;
				GCC_WARN_ABOUT_RETURN_TYPE = YES_ERROR;
				GCC_WARN_UNDECLARED_SELECTOR = YES;
				GCC_WARN_UNINITIALIZED_AUTOS = YES_AGGRESSIVE;
				GCC_WARN_UNUSED_FUNCTION = YES;
				GCC_WARN_UNUSED_VARIABLE = YES;
				IPHONEOS_DEPLOYMENT_TARGET = 10.3;
				MTL_ENABLE_DEBUG_INFO = YES;
				ONLY_ACTIVE_ARCH = YES;
				SDKROOT = iphoneos;
				VALID_ARCHS = armv7;
			};
			name = Debug;
		};
		52EEB37D1ED05AFD00CBDDBB /* Release */ = {
			isa = XCBuildConfiguration;
			buildSettings = {
				ALWAYS_SEARCH_USER_PATHS = NO;
				CLANG_ANALYZER_NONNULL = YES;
				CLANG_ANALYZER_NUMBER_OBJECT_CONVERSION = YES_AGGRESSIVE;
				CLANG_CXX_LANGUAGE_STANDARD = "gnu++0x";
				CLANG_CXX_LIBRARY = "libc++";
				CLANG_ENABLE_MODULES = YES;
				CLANG_ENABLE_OBJC_ARC = YES;
				CLANG_WARN_BOOL_CONVERSION = YES;
				CLANG_WARN_CONSTANT_CONVERSION = YES;
				CLANG_WARN_DIRECT_OBJC_ISA_USAGE = YES_ERROR;
				CLANG_WARN_DOCUMENTATION_COMMENTS = YES;
				CLANG_WARN_EMPTY_BODY = YES;
				CLANG_WARN_ENUM_CONVERSION = YES;
				CLANG_WARN_INFINITE_RECURSION = YES;
				CLANG_WARN_INT_CONVERSION = YES;
				CLANG_WARN_OBJC_ROOT_CLASS = YES_ERROR;
				CLANG_WARN_SUSPICIOUS_MOVE = YES;
				CLANG_WARN_UNREACHABLE_CODE = YES;
				CLANG_WARN__DUPLICATE_METHOD_MATCH = YES;
				"CODE_SIGN_IDENTITY[sdk=iphoneos*]" = "iPhone Developer";
				COPY_PHASE_STRIP = NO;
				DEBUG_INFORMATION_FORMAT = "dwarf-with-dsym";
				ENABLE_NS_ASSERTIONS = NO;
				ENABLE_STRICT_OBJC_MSGSEND = YES;
				GCC_C_LANGUAGE_STANDARD = gnu99;
				GCC_NO_COMMON_BLOCKS = YES;
				GCC_PRECOMPILE_PREFIX_HEADER = NO;
				GCC_PREFIX_HEADER = "";
				GCC_WARN_64_TO_32_BIT_CONVERSION = YES;
				GCC_WARN_ABOUT_RETURN_TYPE = YES_ERROR;
				GCC_WARN_UNDECLARED_SELECTOR = YES;
				GCC_WARN_UNINITIALIZED_AUTOS = YES_AGGRESSIVE;
				GCC_WARN_UNUSED_FUNCTION = YES;
				GCC_WARN_UNUSED_VARIABLE = YES;
				IPHONEOS_DEPLOYMENT_TARGET = 10.3;
				MTL_ENABLE_DEBUG_INFO = NO;
				ONLY_ACTIVE_ARCH = YES;
				SDKROOT = iphoneos;
				VALIDATE_PRODUCT = YES;
				VALID_ARCHS = "armv7 arm64";
			};
			name = Release;
		};
		52EEB37F1ED05AFD00CBDDBB /* Debug */ = {
			isa = XCBuildConfiguration;
			baseConfigurationReference = 8B3B08B6D3329AFDDB613AAE /* Pods-Beacon.debug.xcconfig */;
			buildSettings = {
				ASSETCATALOG_COMPILER_APPICON_NAME = AppIcon;
				CLANG_ENABLE_MODULES = YES;
				DEVELOPMENT_TEAM = DNL5G5M9A8;
				FRAMEWORK_SEARCH_PATHS = (
					"$(inherited)",
					"$(PROJECT_DIR)",
				);
				GCC_PRECOMPILE_PREFIX_HEADER = NO;
				GCC_PREFIX_HEADER = "Beacon/ECBeacon-Prefix.pch";
				INFOPLIST_FILE = Beacon/Info.plist;
				IPHONEOS_DEPLOYMENT_TARGET = 10.0;
				LD_RUNPATH_SEARCH_PATHS = "$(inherited) @executable_path/Frameworks";
				LIBRARY_SEARCH_PATHS = (
					"$(inherited)",
					"$(PROJECT_DIR)/Beacon/IOSPlayerLib",
				);
				ONLY_ACTIVE_ARCH = NO;
				OTHER_LDFLAGS = (
					"-Objc",
					"$(inherited)",
					"-ObjC",
					"-lz",
					"-framework",
					Reveal,
				);
				PRODUCT_BUNDLE_IDENTIFIER = com.Echo.Beacon;
				PRODUCT_NAME = "$(TARGET_NAME)";
				SWIFT_OPTIMIZATION_LEVEL = "-Onone";
				SWIFT_VERSION = 3.0;
			};
			name = Debug;
		};
		52EEB3801ED05AFD00CBDDBB /* Release */ = {
			isa = XCBuildConfiguration;
			baseConfigurationReference = 5C466BDF398279E07157273F /* Pods-Beacon.release.xcconfig */;
			buildSettings = {
				ASSETCATALOG_COMPILER_APPICON_NAME = AppIcon;
				CLANG_ENABLE_MODULES = YES;
				DEVELOPMENT_TEAM = DNL5G5M9A8;
				FRAMEWORK_SEARCH_PATHS = (
					"$(inherited)",
					"$(PROJECT_DIR)",
				);
				GCC_PRECOMPILE_PREFIX_HEADER = NO;
				GCC_PREFIX_HEADER = "Beacon/ECBeacon-Prefix.pch";
				INFOPLIST_FILE = Beacon/Info.plist;
				IPHONEOS_DEPLOYMENT_TARGET = 10.0;
				LD_RUNPATH_SEARCH_PATHS = "$(inherited) @executable_path/Frameworks";
				LIBRARY_SEARCH_PATHS = (
					"$(inherited)",
					"$(PROJECT_DIR)/Beacon/IOSPlayerLib",
				);
				ONLY_ACTIVE_ARCH = NO;
				OTHER_LDFLAGS = (
					"-Objc",
					"$(inherited)",
					"-ObjC",
					"-lz",
					"-framework",
					Reveal,
				);
				PRODUCT_BUNDLE_IDENTIFIER = com.Echo.Beacon;
				PRODUCT_NAME = "$(TARGET_NAME)";
				SWIFT_VERSION = 3.0;
			};
			name = Release;
		};
		52EEB3821ED05AFD00CBDDBB /* Debug */ = {
			isa = XCBuildConfiguration;
			baseConfigurationReference = 1E28E14527E6DEE6FE0E3880 /* Pods-Beacon-BeaconTests.debug.xcconfig */;
			buildSettings = {
				BUNDLE_LOADER = "$(TEST_HOST)";
				DEVELOPMENT_TEAM = 6A657LNQ4S;
				GCC_PREFIX_HEADER = "";
				INFOPLIST_FILE = BeaconTests/Info.plist;
				LD_RUNPATH_SEARCH_PATHS = "$(inherited) @executable_path/Frameworks @loader_path/Frameworks";
				ONLY_ACTIVE_ARCH = NO;
				PRODUCT_BUNDLE_IDENTIFIER = com.Echo.BeaconTests;
				PRODUCT_NAME = "$(TARGET_NAME)";
				TEST_HOST = "$(BUILT_PRODUCTS_DIR)/Beacon.app/Beacon";
			};
			name = Debug;
		};
		52EEB3831ED05AFD00CBDDBB /* Release */ = {
			isa = XCBuildConfiguration;
			baseConfigurationReference = FBCAB8705E59DF728B7BC9FE /* Pods-Beacon-BeaconTests.release.xcconfig */;
			buildSettings = {
				BUNDLE_LOADER = "$(TEST_HOST)";
				DEVELOPMENT_TEAM = 6A657LNQ4S;
				GCC_PREFIX_HEADER = "";
				INFOPLIST_FILE = BeaconTests/Info.plist;
				LD_RUNPATH_SEARCH_PATHS = "$(inherited) @executable_path/Frameworks @loader_path/Frameworks";
				ONLY_ACTIVE_ARCH = NO;
				PRODUCT_BUNDLE_IDENTIFIER = com.Echo.BeaconTests;
				PRODUCT_NAME = "$(TARGET_NAME)";
				TEST_HOST = "$(BUILT_PRODUCTS_DIR)/Beacon.app/Beacon";
			};
			name = Release;
		};
/* End XCBuildConfiguration section */

/* Begin XCConfigurationList section */
		52EEB3571ED05AFD00CBDDBB /* Build configuration list for PBXProject "Beacon" */ = {
			isa = XCConfigurationList;
			buildConfigurations = (
				52EEB37C1ED05AFD00CBDDBB /* Debug */,
				52EEB37D1ED05AFD00CBDDBB /* Release */,
			);
			defaultConfigurationIsVisible = 0;
			defaultConfigurationName = Release;
		};
		52EEB37E1ED05AFD00CBDDBB /* Build configuration list for PBXNativeTarget "Beacon" */ = {
			isa = XCConfigurationList;
			buildConfigurations = (
				52EEB37F1ED05AFD00CBDDBB /* Debug */,
				52EEB3801ED05AFD00CBDDBB /* Release */,
			);
			defaultConfigurationIsVisible = 0;
			defaultConfigurationName = Release;
		};
		52EEB3811ED05AFD00CBDDBB /* Build configuration list for PBXNativeTarget "BeaconTests" */ = {
			isa = XCConfigurationList;
			buildConfigurations = (
				52EEB3821ED05AFD00CBDDBB /* Debug */,
				52EEB3831ED05AFD00CBDDBB /* Release */,
			);
			defaultConfigurationIsVisible = 0;
			defaultConfigurationName = Release;
		};
/* End XCConfigurationList section */
	};
	rootObject = 52EEB3541ED05AFD00CBDDBB /* Project object */;
}
